// !$*UTF8*$!
{
	archiveVersion = 1;
	classes = {
	};
	objectVersion = 46;
	objects = {

/* Begin PBXBuildFile section */
		35FA66AB198AACE4007E1F2F /* Foundation.framework in Frameworks */ = {isa = PBXBuildFile; fileRef = 35FA66AA198AACE4007E1F2F /* Foundation.framework */; };
		35FA66AD198AACE4007E1F2F /* CoreGraphics.framework in Frameworks */ = {isa = PBXBuildFile; fileRef = 35FA66AC198AACE4007E1F2F /* CoreGraphics.framework */; };
		35FA66AF198AACE4007E1F2F /* UIKit.framework in Frameworks */ = {isa = PBXBuildFile; fileRef = 35FA66AE198AACE4007E1F2F /* UIKit.framework */; };
		35FA66B5198AACE4007E1F2F /* InfoPlist.strings in Resources */ = {isa = PBXBuildFile; fileRef = 35FA66B3198AACE4007E1F2F /* InfoPlist.strings */; };
		35FA66B7198AACE4007E1F2F /* main.m in Sources */ = {isa = PBXBuildFile; fileRef = 35FA66B6198AACE4007E1F2F /* main.m */; };
		35FA66BB198AACE4007E1F2F /* AppDelegate.m in Sources */ = {isa = PBXBuildFile; fileRef = 35FA66BA198AACE4007E1F2F /* AppDelegate.m */; };
		35FA66BE198AACE4007E1F2F /* Main.storyboard in Resources */ = {isa = PBXBuildFile; fileRef = 35FA66BC198AACE4007E1F2F /* Main.storyboard */; };
		35FA66C1198AACE4007E1F2F /* ViewController.m in Sources */ = {isa = PBXBuildFile; fileRef = 35FA66C0198AACE4007E1F2F /* ViewController.m */; };
		35FA66C3198AACE4007E1F2F /* Images.xcassets in Resources */ = {isa = PBXBuildFile; fileRef = 35FA66C2198AACE4007E1F2F /* Images.xcassets */; };
		35FA66CA198AACE4007E1F2F /* XCTest.framework in Frameworks */ = {isa = PBXBuildFile; fileRef = 35FA66C9198AACE4007E1F2F /* XCTest.framework */; };
		35FA66CB198AACE4007E1F2F /* Foundation.framework in Frameworks */ = {isa = PBXBuildFile; fileRef = 35FA66AA198AACE4007E1F2F /* Foundation.framework */; };
		35FA66CC198AACE4007E1F2F /* UIKit.framework in Frameworks */ = {isa = PBXBuildFile; fileRef = 35FA66AE198AACE4007E1F2F /* UIKit.framework */; };
		35FA66D4198AACE4007E1F2F /* InfoPlist.strings in Resources */ = {isa = PBXBuildFile; fileRef = 35FA66D2198AACE4007E1F2F /* InfoPlist.strings */; };
		35FA66D6198AACE4007E1F2F /* __NSTread____Tests.m in Sources */ = {isa = PBXBuildFile; fileRef = 35FA66D5198AACE4007E1F2F /* __NSTread____Tests.m */; };
		35FA66E0198AAD25007E1F2F /* promo_ios8-640x1136.png in Resources */ = {isa = PBXBuildFile; fileRef = 35FA66DF198AAD25007E1F2F /* promo_ios8-640x1136.png */; };
		35FA66E2198AAE5A007E1F2F /* promo_ios8-640x960.png in Resources */ = {isa = PBXBuildFile; fileRef = 35FA66E1198AAE5A007E1F2F /* promo_ios8-640x960.png */; };
/* End PBXBuildFile section */

/* Begin PBXContainerItemProxy section */
		35FA66CD198AACE4007E1F2F /* PBXContainerItemProxy */ = {
			isa = PBXContainerItemProxy;
			containerPortal = 35FA669F198AACE4007E1F2F /* Project object */;
			proxyType = 1;
			remoteGlobalIDString = 35FA66A6198AACE4007E1F2F;
			remoteInfo = "使用NSTread暂停动作";
		};
/* End PBXContainerItemProxy section */

/* Begin PBXFileReference section */
		35FA66A7198AACE4007E1F2F /* 使用NSTread暂停动作.app */ = {isa = PBXFileReference; explicitFileType = wrapper.application; includeInIndex = 0; path = "使用NSTread暂停动作.app"; sourceTree = BUILT_PRODUCTS_DIR; };
		35FA66AA198AACE4007E1F2F /* Foundation.framework */ = {isa = PBXFileReference; lastKnownFileType = wrapper.framework; name = Foundation.framework; path = System/Library/Frameworks/Foundation.framework; sourceTree = SDKROOT; };
		35FA66AC198AACE4007E1F2F /* CoreGraphics.framework */ = {isa = PBXFileReference; lastKnownFileType = wrapper.framework; name = CoreGraphics.framework; path = System/Library/Frameworks/CoreGraphics.framework; sourceTree = SDKROOT; };
		35FA66AE198AACE4007E1F2F /* UIKit.framework */ = {isa = PBXFileReference; lastKnownFileType = wrapper.framework; name = UIKit.framework; path = System/Library/Frameworks/UIKit.framework; sourceTree = SDKROOT; };
		35FA66B2198AACE4007E1F2F /* 使用NSTread暂停动作-Info.plist */ = {isa = PBXFileReference; lastKnownFileType = text.plist.xml; path = "使用NSTread暂停动作-Info.plist"; sourceTree = "<group>"; };
		35FA66B4198AACE4007E1F2F /* en */ = {isa = PBXFileReference; lastKnownFileType = text.plist.strings; name = en; path = en.lproj/InfoPlist.strings; sourceTree = "<group>"; };
		35FA66B6198AACE4007E1F2F /* main.m */ = {isa = PBXFileReference; lastKnownFileType = sourcecode.c.objc; path = main.m; sourceTree = "<group>"; };
		35FA66B8198AACE4007E1F2F /* 使用NSTread暂停动作-Prefix.pch */ = {isa = PBXFileReference; lastKnownFileType = sourcecode.c.h; path = "使用NSTread暂停动作-Prefix.pch"; sourceTree = "<group>"; };
		35FA66B9198AACE4007E1F2F /* AppDelegate.h */ = {isa = PBXFileReference; lastKnownFileType = sourcecode.c.h; path = AppDelegate.h; sourceTree = "<group>"; };
		35FA66BA198AACE4007E1F2F /* AppDelegate.m */ = {isa = PBXFileReference; lastKnownFileType = sourcecode.c.objc; path = AppDelegate.m; sourceTree = "<group>"; };
		35FA66BD198AACE4007E1F2F /* Base */ = {isa = PBXFileReference; lastKnownFileType = file.storyboard; name = Base; path = Base.lproj/Main.storyboard; sourceTree = "<group>"; };
		35FA66BF198AACE4007E1F2F /* ViewController.h */ = {isa = PBXFileReference; lastKnownFileType = sourcecode.c.h; path = ViewController.h; sourceTree = "<group>"; };
		35FA66C0198AACE4007E1F2F /* ViewController.m */ = {isa = PBXFileReference; lastKnownFileType = sourcecode.c.objc; path = ViewController.m; sourceTree = "<group>"; };
		35FA66C2198AACE4007E1F2F /* Images.xcassets */ = {isa = PBXFileReference; lastKnownFileType = folder.assetcatalog; path = Images.xcassets; sourceTree = "<group>"; };
		35FA66C8198AACE4007E1F2F /* 使用NSTread暂停动作Tests.xctest */ = {isa = PBXFileReference; explicitFileType = wrapper.cfbundle; includeInIndex = 0; path = "使用NSTread暂停动作Tests.xctest"; sourceTree = BUILT_PRODUCTS_DIR; };
		35FA66C9198AACE4007E1F2F /* XCTest.framework */ = {isa = PBXFileReference; lastKnownFileType = wrapper.framework; name = XCTest.framework; path = Library/Frameworks/XCTest.framework; sourceTree = DEVELOPER_DIR; };
		35FA66D1198AACE4007E1F2F /* 使用NSTread暂停动作Tests-Info.plist */ = {isa = PBXFileReference; lastKnownFileType = text.plist.xml; path = "使用NSTread暂停动作Tests-Info.plist"; sourceTree = "<group>"; };
		35FA66D3198AACE4007E1F2F /* en */ = {isa = PBXFileReference; lastKnownFileType = text.plist.strings; name = en; path = en.lproj/InfoPlist.strings; sourceTree = "<group>"; };
		35FA66D5198AACE4007E1F2F /* __NSTread____Tests.m */ = {isa = PBXFileReference; lastKnownFileType = sourcecode.c.objc; path = "__NSTread____Tests.m"; sourceTree = "<group>"; };
		35FA66DF198AAD25007E1F2F /* promo_ios8-640x1136.png */ = {isa = PBXFileReference; lastKnownFileType = image.png; path = "promo_ios8-640x1136.png"; sourceTree = "<group>"; };
		35FA66E1198AAE5A007E1F2F /* promo_ios8-640x960.png */ = {isa = PBXFileReference; lastKnownFileType = image.png; path = "promo_ios8-640x960.png"; sourceTree = "<group>"; };
/* End PBXFileReference section */

/* Begin PBXFrameworksBuildPhase section */
		35FA66A4198AACE4007E1F2F /* Frameworks */ = {
			isa = PBXFrameworksBuildPhase;
			buildActionMask = 2147483647;
			files = (
				35FA66AD198AACE4007E1F2F /* CoreGraphics.framework in Frameworks */,
				35FA66AF198AACE4007E1F2F /* UIKit.framework in Frameworks */,
				35FA66AB198AACE4007E1F2F /* Foundation.framework in Frameworks */,
			);
			runOnlyForDeploymentPostprocessing = 0;
		};
		35FA66C5198AACE4007E1F2F /* Frameworks */ = {
			isa = PBXFrameworksBuildPhase;
			buildActionMask = 2147483647;
			files = (
				35FA66CA198AACE4007E1F2F /* XCTest.framework in Frameworks */,
				35FA66CC198AACE4007E1F2F /* UIKit.framework in Frameworks */,
				35FA66CB198AACE4007E1F2F /* Foundation.framework in Frameworks */,
			);
			runOnlyForDeploymentPostprocessing = 0;
		};
/* End PBXFrameworksBuildPhase section */

/* Begin PBXGroup section */
		35FA669E198AACE4007E1F2F = {
			isa = PBXGroup;
			children = (
				35FA66B0198AACE4007E1F2F /* 使用NSTread暂停动作 */,
				35FA66CF198AACE4007E1F2F /* 使用NSTread暂停动作Tests */,
				35FA66A9198AACE4007E1F2F /* Frameworks */,
				35FA66A8198AACE4007E1F2F /* Products */,
			);
			sourceTree = "<group>";
		};
		35FA66A8198AACE4007E1F2F /* Products */ = {
			isa = PBXGroup;
			children = (
				35FA66A7198AACE4007E1F2F /* 使用NSTread暂停动作.app */,
				35FA66C8198AACE4007E1F2F /* 使用NSTread暂停动作Tests.xctest */,
			);
			name = Products;
			sourceTree = "<group>";
		};
		35FA66A9198AACE4007E1F2F /* Frameworks */ = {
			isa = PBXGroup;
			children = (
				35FA66AA198AACE4007E1F2F /* Foundation.framework */,
				35FA66AC198AACE4007E1F2F /* CoreGraphics.framework */,
				35FA66AE198AACE4007E1F2F /* UIKit.framework */,
				35FA66C9198AACE4007E1F2F /* XCTest.framework */,
			);
			name = Frameworks;
			sourceTree = "<group>";
		};
		35FA66B0198AACE4007E1F2F /* 使用NSTread暂停动作 */ = {
			isa = PBXGroup;
			children = (
				35FA66B9198AACE4007E1F2F /* AppDelegate.h */,
				35FA66BA198AACE4007E1F2F /* AppDelegate.m */,
				35FA66BC198AACE4007E1F2F /* Main.storyboard */,
				35FA66BF198AACE4007E1F2F /* ViewController.h */,
				35FA66C0198AACE4007E1F2F /* ViewController.m */,
				35FA66C2198AACE4007E1F2F /* Images.xcassets */,
				35FA66B1198AACE4007E1F2F /* Supporting Files */,
			);
			path = "使用NSTread暂停动作";
			sourceTree = "<group>";
		};
		35FA66B1198AACE4007E1F2F /* Supporting Files */ = {
			isa = PBXGroup;
			children = (
				35FA66E1198AAE5A007E1F2F /* promo_ios8-640x960.png */,
				35FA66DF198AAD25007E1F2F /* promo_ios8-640x1136.png */,
				35FA66B2198AACE4007E1F2F /* 使用NSTread暂停动作-Info.plist */,
				35FA66B3198AACE4007E1F2F /* InfoPlist.strings */,
				35FA66B6198AACE4007E1F2F /* main.m */,
				35FA66B8198AACE4007E1F2F /* 使用NSTread暂停动作-Prefix.pch */,
			);
			name = "Supporting Files";
			sourceTree = "<group>";
		};
		35FA66CF198AACE4007E1F2F /* 使用NSTread暂停动作Tests */ = {
			isa = PBXGroup;
			children = (
				35FA66D5198AACE4007E1F2F /* __NSTread____Tests.m */,
				35FA66D0198AACE4007E1F2F /* Supporting Files */,
			);
			path = "使用NSTread暂停动作Tests";
			sourceTree = "<group>";
		};
		35FA66D0198AACE4007E1F2F /* Supporting Files */ = {
			isa = PBXGroup;
			children = (
				35FA66D1198AACE4007E1F2F /* 使用NSTread暂停动作Tests-Info.plist */,
				35FA66D2198AACE4007E1F2F /* InfoPlist.strings */,
			);
			name = "Supporting Files";
			sourceTree = "<group>";
		};
/* End PBXGroup section */

/* Begin PBXNativeTarget section */
		35FA66A6198AACE4007E1F2F /* 使用NSTread暂停动作 */ = {
			isa = PBXNativeTarget;
			buildConfigurationList = 35FA66D9198AACE4007E1F2F /* Build configuration list for PBXNativeTarget "使用NSTread暂停动作" */;
			buildPhases = (
				35FA66A3198AACE4007E1F2F /* Sources */,
				35FA66A4198AACE4007E1F2F /* Frameworks */,
				35FA66A5198AACE4007E1F2F /* Resources */,
			);
			buildRules = (
			);
			dependencies = (
			);
			name = "使用NSTread暂停动作";
			productName = "使用NSTread暂停动作";
			productReference = 35FA66A7198AACE4007E1F2F /* 使用NSTread暂停动作.app */;
			productType = "com.apple.product-type.application";
		};
		35FA66C7198AACE4007E1F2F /* 使用NSTread暂停动作Tests */ = {
			isa = PBXNativeTarget;
			buildConfigurationList = 35FA66DC198AACE4007E1F2F /* Build configuration list for PBXNativeTarget "使用NSTread暂停动作Tests" */;
			buildPhases = (
				35FA66C4198AACE4007E1F2F /* Sources */,
				35FA66C5198AACE4007E1F2F /* Frameworks */,
				35FA66C6198AACE4007E1F2F /* Resources */,
			);
			buildRules = (
			);
			dependencies = (
				35FA66CE198AACE4007E1F2F /* PBXTargetDependency */,
			);
			name = "使用NSTread暂停动作Tests";
			productName = "使用NSTread暂停动作Tests";
			productReference = 35FA66C8198AACE4007E1F2F /* 使用NSTread暂停动作Tests.xctest */;
			productType = "com.apple.product-type.bundle.unit-test";
		};
/* End PBXNativeTarget section */

/* Begin PBXProject section */
		35FA669F198AACE4007E1F2F /* Project object */ = {
			isa = PBXProject;
			attributes = {
				LastUpgradeCheck = 0510;
				ORGANIZATIONNAME = jiaxh;
				TargetAttributes = {
					35FA66C7198AACE4007E1F2F = {
						TestTargetID = 35FA66A6198AACE4007E1F2F;
					};
				};
			};
			buildConfigurationList = 35FA66A2198AACE4007E1F2F /* Build configuration list for PBXProject "使用NSTread暂停动作" */;
			compatibilityVersion = "Xcode 3.2";
			developmentRegion = English;
			hasScannedForEncodings = 0;
			knownRegions = (
				en,
				Base,
			);
			mainGroup = 35FA669E198AACE4007E1F2F;
			productRefGroup = 35FA66A8198AACE4007E1F2F /* Products */;
			projectDirPath = "";
			projectRoot = "";
			targets = (
				35FA66A6198AACE4007E1F2F /* 使用NSTread暂停动作 */,
				35FA66C7198AACE4007E1F2F /* 使用NSTread暂停动作Tests */,
			);
		};
/* End PBXProject section */

/* Begin PBXResourcesBuildPhase section */
		35FA66A5198AACE4007E1F2F /* Resources */ = {
			isa = PBXResourcesBuildPhase;
			buildActionMask = 2147483647;
			files = (
				35FA66C3198AACE4007E1F2F /* Images.xcassets in Resources */,
				35FA66E2198AAE5A007E1F2F /* promo_ios8-640x960.png in Resources */,
				35FA66B5198AACE4007E1F2F /* InfoPlist.strings in Resources */,
				35FA66BE198AACE4007E1F2F /* Main.storyboard in Resources */,
				35FA66E0198AAD25007E1F2F /* promo_ios8-640x1136.png in Resources */,
			);
			runOnlyForDeploymentPostprocessing = 0;
		};
		35FA66C6198AACE4007E1F2F /* Resources */ = {
			isa = PBXResourcesBuildPhase;
			buildActionMask = 2147483647;
			files = (
				35FA66D4198AACE4007E1F2F /* InfoPlist.strings in Resources */,
			);
			runOnlyForDeploymentPostprocessing = 0;
		};
/* End PBXResourcesBuildPhase section */

/* Begin PBXSourcesBuildPhase section */
		35FA66A3198AACE4007E1F2F /* Sources */ = {
			isa = PBXSourcesBuildPhase;
			buildActionMask = 2147483647;
			files = (
				35FA66C1198AACE4007E1F2F /* ViewController.m in Sources */,
				35FA66BB198AACE4007E1F2F /* AppDelegate.m in Sources */,
				35FA66B7198AACE4007E1F2F /* main.m in Sources */,
			);
			runOnlyForDeploymentPostprocessing = 0;
		};
		35FA66C4198AACE4007E1F2F /* Sources */ = {
			isa = PBXSourcesBuildPhase;
			buildActionMask = 2147483647;
			files = (
				35FA66D6198AACE4007E1F2F /* __NSTread____Tests.m in Sources */,
			);
			runOnlyForDeploymentPostprocessing = 0;
		};
/* End PBXSourcesBuildPhase section */

/* Begin PBXTargetDependency section */
		35FA66CE198AACE4007E1F2F /* PBXTargetDependency */ = {
			isa = PBXTargetDependency;
			target = 35FA66A6198AACE4007E1F2F /* 使用NSTread暂停动作 */;
			targetProxy = 35FA66CD198AACE4007E1F2F /* PBXContainerItemProxy */;
		};
/* End PBXTargetDependency section */

/* Begin PBXVariantGroup section */
		35FA66B3198AACE4007E1F2F /* InfoPlist.strings */ = {
			isa = PBXVariantGroup;
			children = (
				35FA66B4198AACE4007E1F2F /* en */,
			);
			name = InfoPlist.strings;
			sourceTree = "<group>";
		};
		35FA66BC198AACE4007E1F2F /* Main.storyboard */ = {
			isa = PBXVariantGroup;
			children = (
				35FA66BD198AACE4007E1F2F /* Base */,
			);
			name = Main.storyboard;
			sourceTree = "<group>";
		};
		35FA66D2198AACE4007E1F2F /* InfoPlist.strings */ = {
			isa = PBXVariantGroup;
			children = (
				35FA66D3198AACE4007E1F2F /* en */,
			);
			name = InfoPlist.strings;
			sourceTree = "<group>";
		};
/* End PBXVariantGroup section */

/* Begin XCBuildConfiguration section */
		35FA66D7198AACE4007E1F2F /* Debug */ = {
			isa = XCBuildConfiguration;
			buildSettings = {
				ALWAYS_SEARCH_USER_PATHS = NO;
				CLANG_CXX_LANGUAGE_STANDARD = "gnu++0x";
				CLANG_CXX_LIBRARY = "libc++";
				CLANG_ENABLE_MODULES = YES;
				CLANG_ENABLE_OBJC_ARC = YES;
				CLANG_WARN_BOOL_CONVERSION = YES;
				CLANG_WARN_CONSTANT_CONVERSION = YES;
				CLANG_WARN_DIRECT_OBJC_ISA_USAGE = YES_ERROR;
				CLANG_WARN_EMPTY_BODY = YES;
				CLANG_WARN_ENUM_CONVERSION = YES;
				CLANG_WARN_INT_CONVERSION = YES;
				CLANG_WARN_OBJC_ROOT_CLASS = YES_ERROR;
				CLANG_WARN__DUPLICATE_METHOD_MATCH = YES;
				"CODE_SIGN_IDENTITY[sdk=iphoneos*]" = "iPhone Developer";
				COPY_PHASE_STRIP = NO;
				GCC_C_LANGUAGE_STANDARD = gnu99;
				GCC_DYNAMIC_NO_PIC = NO;
				GCC_OPTIMIZATION_LEVEL = 0;
				GCC_PREPROCESSOR_DEFINITIONS = (
					"DEBUG=1",
					"$(inherited)",
				);
				GCC_SYMBOLS_PRIVATE_EXTERN = NO;
				GCC_WARN_64_TO_32_BIT_CONVERSION = YES;
				GCC_WARN_ABOUT_RETURN_TYPE = YES_ERROR;
				GCC_WARN_UNDECLARED_SELECTOR = YES;
				GCC_WARN_UNINITIALIZED_AUTOS = YES_AGGRESSIVE;
				GCC_WARN_UNUSED_FUNCTION = YES;
				GCC_WARN_UNUSED_VARIABLE = YES;
				IPHONEOS_DEPLOYMENT_TARGET = 7.1;
				ONLY_ACTIVE_ARCH = YES;
				SDKROOT = iphoneos;
			};
			name = Debug;
		};
		35FA66D8198AACE4007E1F2F /* Release */ = {
			isa = XCBuildConfiguration;
			buildSettings = {
				ALWAYS_SEARCH_USER_PATHS = NO;
				CLANG_CXX_LANGUAGE_STANDARD = "gnu++0x";
				CLANG_CXX_LIBRARY = "libc++";
				CLANG_ENABLE_MODULES = YES;
				CLANG_ENABLE_OBJC_ARC = YES;
				CLANG_WARN_BOOL_CONVERSION = YES;
				CLANG_WARN_CONSTANT_CONVERSION = YES;
				CLANG_WARN_DIRECT_OBJC_ISA_USAGE = YES_ERROR;
				CLANG_WARN_EMPTY_BODY = YES;
				CLANG_WARN_ENUM_CONVERSION = YES;
				CLANG_WARN_INT_CONVERSION = YES;
				CLANG_WARN_OBJC_ROOT_CLASS = YES_ERROR;
				CLANG_WARN__DUPLICATE_METHOD_MATCH = YES;
				"CODE_SIGN_IDENTITY[sdk=iphoneos*]" = "iPhone Developer";
				COPY_PHASE_STRIP = YES;
				ENABLE_NS_ASSERTIONS = NO;
				GCC_C_LANGUAGE_STANDARD = gnu99;
				GCC_WARN_64_TO_32_BIT_CONVERSION = YES;
				GCC_WARN_ABOUT_RETURN_TYPE = YES_ERROR;
				GCC_WARN_UNDECLARED_SELECTOR = YES;
				GCC_WARN_UNINITIALIZED_AUTOS = YES_AGGRESSIVE;
				GCC_WARN_UNUSED_FUNCTION = YES;
				GCC_WARN_UNUSED_VARIABLE = YES;
				IPHONEOS_DEPLOYMENT_TARGET = 7.1;
				SDKROOT = iphoneos;
				VALIDATE_PRODUCT = YES;
			};
			name = Release;
		};
		35FA66DA198AACE4007E1F2F /* Debug */ = {
			isa = XCBuildConfiguration;
			buildSettings = {
				ASSETCATALOG_COMPILER_APPICON_NAME = AppIcon;
				ASSETCATALOG_COMPILER_LAUNCHIMAGE_NAME = LaunchImage;
				GCC_PRECOMPILE_PREFIX_HEADER = YES;
				GCC_PREFIX_HEADER = "使用NSTread暂停动作/使用NSTread暂停动作-Prefix.pch";
				INFOPLIST_FILE = "使用NSTread暂停动作/使用NSTread暂停动作-Info.plist";
				PRODUCT_NAME = "$(TARGET_NAME)";
				WRAPPER_EXTENSION = app;
			};
			name = Debug;
		};
		35FA66DB198AACE4007E1F2F /* Release */ = {
			isa = XCBuildConfiguration;
			buildSettings = {
				ASSETCATALOG_COMPILER_APPICON_NAME = AppIcon;
				ASSETCATALOG_COMPILER_LAUNCHIMAGE_NAME = LaunchImage;
				GCC_PRECOMPILE_PREFIX_HEADER = YES;
				GCC_PREFIX_HEADER = "使用NSTread暂停动作/使用NSTread暂停动作-Prefix.pch";
				INFOPLIST_FILE = "使用NSTread暂停动作/使用NSTread暂停动作-Info.plist";
				PRODUCT_NAME = "$(TARGET_NAME)";
				WRAPPER_EXTENSION = app;
			};
			name = Release;
		};
		35FA66DD198AACE4007E1F2F /* Debug */ = {
			isa = XCBuildConfiguration;
			buildSettings = {
				BUNDLE_LOADER = "$(BUILT_PRODUCTS_DIR)/使用NSTread暂停动作.app/使用NSTread暂停动作";
				FRAMEWORK_SEARCH_PATHS = (
					"$(SDKROOT)/Developer/Library/Frameworks",
					"$(inherited)",
					"$(DEVELOPER_FRAMEWORKS_DIR)",
				);
				GCC_PRECOMPILE_PREFIX_HEADER = YES;
				GCC_PREFIX_HEADER = "使用NSTread暂停动作/使用NSTread暂停动作-Prefix.pch";
				GCC_PREPROCESSOR_DEFINITIONS = (
					"DEBUG=1",
					"$(inherited)",
				);
				INFOPLIST_FILE = "使用NSTread暂停动作Tests/使用NSTread暂停动作Tests-Info.plist";
				PRODUCT_NAME = "$(TARGET_NAME)";
				TEST_HOST = "$(BUNDLE_LOADER)";
				WRAPPER_EXTENSION = xctest;
			};
			name = Debug;
		};
		35FA66DE198AACE4007E1F2F /* Release */ = {
			isa = XCBuildConfiguration;
			buildSettings = {
				BUNDLE_LOADER = "$(BUILT_PRODUCTS_DIR)/使用NSTread暂停动作.app/使用NSTread暂停动作";
				FRAMEWORK_SEARCH_PATHS = (
					"$(SDKROOT)/Developer/Library/Frameworks",
					"$(inherited)",
					"$(DEVELOPER_FRAMEWORKS_DIR)",
				);
				GCC_PRECOMPILE_PREFIX_HEADER = YES;
				GCC_PREFIX_HEADER = "使用NSTread暂停动作/使用NSTread暂停动作-Prefix.pch";
				INFOPLIST_FILE = "使用NSTread暂停动作Tests/使用NSTread暂停动作Tests-Info.plist";
				PRODUCT_NAME = "$(TARGET_NAME)";
				TEST_HOST = "$(BUNDLE_LOADER)";
				WRAPPER_EXTENSION = xctest;
			};
			name = Release;
		};
/* End XCBuildConfiguration section */

/* Begin XCConfigurationList section */
		35FA66A2198AACE4007E1F2F /* Build configuration list for PBXProject "使用NSTread暂停动作" */ = {
			isa = XCConfigurationList;
			buildConfigurations = (
				35FA66D7198AACE4007E1F2F /* Debug */,
				35FA66D8198AACE4007E1F2F /* Release */,
			);
			defaultConfigurationIsVisible = 0;
			defaultConfigurationName = Release;
		};
		35FA66D9198AACE4007E1F2F /* Build configuration list for PBXNativeTarget "使用NSTread暂停动作" */ = {
			isa = XCConfigurationList;
			buildConfigurations = (
				35FA66DA198AACE4007E1F2F /* Debug */,
				35FA66DB198AACE4007E1F2F /* Release */,
			);
			defaultConfigurationIsVisible = 0;
		};
		35FA66DC198AACE4007E1F2F /* Build configuration list for PBXNativeTarget "使用NSTread暂停动作Tests" */ = {
			isa = XCConfigurationList;
			buildConfigurations = (
				35FA66DD198AACE4007E1F2F /* Debug */,
				35FA66DE198AACE4007E1F2F /* Release */,
			);
			defaultConfigurationIsVisible = 0;
		};
/* End XCConfigurationList section */
	};
	rootObject = 35FA669F198AACE4007E1F2F /* Project object */;
}
