// !$*UTF8*$!
{
	archiveVersion = 1;
	classes = {
	};
	objectVersion = 46;
	objects = {

/* Begin PBXBuildFile section */
		35FA65A2198A8DEF007E1F2F /* Foundation.framework in Frameworks */ = {isa = PBXBuildFile; fileRef = 35FA65A1198A8DEF007E1F2F /* Foundation.framework */; };
		35FA65A4198A8DEF007E1F2F /* CoreGraphics.framework in Frameworks */ = {isa = PBXBuildFile; fileRef = 35FA65A3198A8DEF007E1F2F /* CoreGraphics.framework */; };
		35FA65A6198A8DEF007E1F2F /* UIKit.framework in Frameworks */ = {isa = PBXBuildFile; fileRef = 35FA65A5198A8DEF007E1F2F /* UIKit.framework */; };
		35FA65AC198A8DEF007E1F2F /* InfoPlist.strings in Resources */ = {isa = PBXBuildFile; fileRef = 35FA65AA198A8DEF007E1F2F /* InfoPlist.strings */; };
		35FA65AE198A8DEF007E1F2F /* main.m in Sources */ = {isa = PBXBuildFile; fileRef = 35FA65AD198A8DEF007E1F2F /* main.m */; };
		35FA65B2198A8DEF007E1F2F /* AppDelegate.m in Sources */ = {isa = PBXBuildFile; fileRef = 35FA65B1198A8DEF007E1F2F /* AppDelegate.m */; };
		35FA65B5198A8DEF007E1F2F /* Main.storyboard in Resources */ = {isa = PBXBuildFile; fileRef = 35FA65B3198A8DEF007E1F2F /* Main.storyboard */; };
		35FA65B8198A8DEF007E1F2F /* ViewController.m in Sources */ = {isa = PBXBuildFile; fileRef = 35FA65B7198A8DEF007E1F2F /* ViewController.m */; };
		35FA65BA198A8DEF007E1F2F /* Images.xcassets in Resources */ = {isa = PBXBuildFile; fileRef = 35FA65B9198A8DEF007E1F2F /* Images.xcassets */; };
		35FA65C1198A8DF0007E1F2F /* XCTest.framework in Frameworks */ = {isa = PBXBuildFile; fileRef = 35FA65C0198A8DF0007E1F2F /* XCTest.framework */; };
		35FA65C2198A8DF0007E1F2F /* Foundation.framework in Frameworks */ = {isa = PBXBuildFile; fileRef = 35FA65A1198A8DEF007E1F2F /* Foundation.framework */; };
		35FA65C3198A8DF0007E1F2F /* UIKit.framework in Frameworks */ = {isa = PBXBuildFile; fileRef = 35FA65A5198A8DEF007E1F2F /* UIKit.framework */; };
		35FA65CB198A8DF0007E1F2F /* InfoPlist.strings in Resources */ = {isa = PBXBuildFile; fileRef = 35FA65C9198A8DF0007E1F2F /* InfoPlist.strings */; };
		35FA65CD198A8DF0007E1F2F /* PerformSelector______Tests.m in Sources */ = {isa = PBXBuildFile; fileRef = 35FA65CC198A8DF0007E1F2F /* PerformSelector______Tests.m */; };
		35FA65D8198A8E44007E1F2F /* IOSApp.m in Sources */ = {isa = PBXBuildFile; fileRef = 35FA65D7198A8E44007E1F2F /* IOSApp.m */; };
/* End PBXBuildFile section */

/* Begin PBXContainerItemProxy section */
		35FA65C4198A8DF0007E1F2F /* PBXContainerItemProxy */ = {
			isa = PBXContainerItemProxy;
			containerPortal = 35FA6596198A8DEF007E1F2F /* Project object */;
			proxyType = 1;
			remoteGlobalIDString = 35FA659D198A8DEF007E1F2F;
			remoteInfo = "PerformSelector消息处理方法";
		};
/* End PBXContainerItemProxy section */

/* Begin PBXFileReference section */
		35FA659E198A8DEF007E1F2F /* PerformSelector消息处理方法.app */ = {isa = PBXFileReference; explicitFileType = wrapper.application; includeInIndex = 0; path = "PerformSelector消息处理方法.app"; sourceTree = BUILT_PRODUCTS_DIR; };
		35FA65A1198A8DEF007E1F2F /* Foundation.framework */ = {isa = PBXFileReference; lastKnownFileType = wrapper.framework; name = Foundation.framework; path = System/Library/Frameworks/Foundation.framework; sourceTree = SDKROOT; };
		35FA65A3198A8DEF007E1F2F /* CoreGraphics.framework */ = {isa = PBXFileReference; lastKnownFileType = wrapper.framework; name = CoreGraphics.framework; path = System/Library/Frameworks/CoreGraphics.framework; sourceTree = SDKROOT; };
		35FA65A5198A8DEF007E1F2F /* UIKit.framework */ = {isa = PBXFileReference; lastKnownFileType = wrapper.framework; name = UIKit.framework; path = System/Library/Frameworks/UIKit.framework; sourceTree = SDKROOT; };
		35FA65A9198A8DEF007E1F2F /* PerformSelector消息处理方法-Info.plist */ = {isa = PBXFileReference; lastKnownFileType = text.plist.xml; path = "PerformSelector消息处理方法-Info.plist"; sourceTree = "<group>"; };
		35FA65AB198A8DEF007E1F2F /* en */ = {isa = PBXFileReference; lastKnownFileType = text.plist.strings; name = en; path = en.lproj/InfoPlist.strings; sourceTree = "<group>"; };
		35FA65AD198A8DEF007E1F2F /* main.m */ = {isa = PBXFileReference; lastKnownFileType = sourcecode.c.objc; path = main.m; sourceTree = "<group>"; };
		35FA65AF198A8DEF007E1F2F /* PerformSelector消息处理方法-Prefix.pch */ = {isa = PBXFileReference; lastKnownFileType = sourcecode.c.h; path = "PerformSelector消息处理方法-Prefix.pch"; sourceTree = "<group>"; };
		35FA65B0198A8DEF007E1F2F /* AppDelegate.h */ = {isa = PBXFileReference; lastKnownFileType = sourcecode.c.h; path = AppDelegate.h; sourceTree = "<group>"; };
		35FA65B1198A8DEF007E1F2F /* AppDelegate.m */ = {isa = PBXFileReference; lastKnownFileType = sourcecode.c.objc; path = AppDelegate.m; sourceTree = "<group>"; };
		35FA65B4198A8DEF007E1F2F /* Base */ = {isa = PBXFileReference; lastKnownFileType = file.storyboard; name = Base; path = Base.lproj/Main.storyboard; sourceTree = "<group>"; };
		35FA65B6198A8DEF007E1F2F /* ViewController.h */ = {isa = PBXFileReference; lastKnownFileType = sourcecode.c.h; path = ViewController.h; sourceTree = "<group>"; };
		35FA65B7198A8DEF007E1F2F /* ViewController.m */ = {isa = PBXFileReference; lastKnownFileType = sourcecode.c.objc; path = ViewController.m; sourceTree = "<group>"; };
		35FA65B9198A8DEF007E1F2F /* Images.xcassets */ = {isa = PBXFileReference; lastKnownFileType = folder.assetcatalog; path = Images.xcassets; sourceTree = "<group>"; };
		35FA65BF198A8DF0007E1F2F /* PerformSelector消息处理方法Tests.xctest */ = {isa = PBXFileReference; explicitFileType = wrapper.cfbundle; includeInIndex = 0; path = "PerformSelector消息处理方法Tests.xctest"; sourceTree = BUILT_PRODUCTS_DIR; };
		35FA65C0198A8DF0007E1F2F /* XCTest.framework */ = {isa = PBXFileReference; lastKnownFileType = wrapper.framework; name = XCTest.framework; path = Library/Frameworks/XCTest.framework; sourceTree = DEVELOPER_DIR; };
		35FA65C8198A8DF0007E1F2F /* PerformSelector消息处理方法Tests-Info.plist */ = {isa = PBXFileReference; lastKnownFileType = text.plist.xml; path = "PerformSelector消息处理方法Tests-Info.plist"; sourceTree = "<group>"; };
		35FA65CA198A8DF0007E1F2F /* en */ = {isa = PBXFileReference; lastKnownFileType = text.plist.strings; name = en; path = en.lproj/InfoPlist.strings; sourceTree = "<group>"; };
		35FA65CC198A8DF0007E1F2F /* PerformSelector______Tests.m */ = {isa = PBXFileReference; lastKnownFileType = sourcecode.c.objc; path = "PerformSelector______Tests.m"; sourceTree = "<group>"; };
		35FA65D6198A8E44007E1F2F /* IOSApp.h */ = {isa = PBXFileReference; fileEncoding = 4; lastKnownFileType = sourcecode.c.h; path = IOSApp.h; sourceTree = "<group>"; };
		35FA65D7198A8E44007E1F2F /* IOSApp.m */ = {isa = PBXFileReference; fileEncoding = 4; lastKnownFileType = sourcecode.c.objc; path = IOSApp.m; sourceTree = "<group>"; };
/* End PBXFileReference section */

/* Begin PBXFrameworksBuildPhase section */
		35FA659B198A8DEF007E1F2F /* Frameworks */ = {
			isa = PBXFrameworksBuildPhase;
			buildActionMask = 2147483647;
			files = (
				35FA65A4198A8DEF007E1F2F /* CoreGraphics.framework in Frameworks */,
				35FA65A6198A8DEF007E1F2F /* UIKit.framework in Frameworks */,
				35FA65A2198A8DEF007E1F2F /* Foundation.framework in Frameworks */,
			);
			runOnlyForDeploymentPostprocessing = 0;
		};
		35FA65BC198A8DF0007E1F2F /* Frameworks */ = {
			isa = PBXFrameworksBuildPhase;
			buildActionMask = 2147483647;
			files = (
				35FA65C1198A8DF0007E1F2F /* XCTest.framework in Frameworks */,
				35FA65C3198A8DF0007E1F2F /* UIKit.framework in Frameworks */,
				35FA65C2198A8DF0007E1F2F /* Foundation.framework in Frameworks */,
			);
			runOnlyForDeploymentPostprocessing = 0;
		};
/* End PBXFrameworksBuildPhase section */

/* Begin PBXGroup section */
		35FA6595198A8DEF007E1F2F = {
			isa = PBXGroup;
			children = (
				35FA65A7198A8DEF007E1F2F /* PerformSelector消息处理方法 */,
				35FA65C6198A8DF0007E1F2F /* PerformSelector消息处理方法Tests */,
				35FA65A0198A8DEF007E1F2F /* Frameworks */,
				35FA659F198A8DEF007E1F2F /* Products */,
			);
			sourceTree = "<group>";
		};
		35FA659F198A8DEF007E1F2F /* Products */ = {
			isa = PBXGroup;
			children = (
				35FA659E198A8DEF007E1F2F /* PerformSelector消息处理方法.app */,
				35FA65BF198A8DF0007E1F2F /* PerformSelector消息处理方法Tests.xctest */,
			);
			name = Products;
			sourceTree = "<group>";
		};
		35FA65A0198A8DEF007E1F2F /* Frameworks */ = {
			isa = PBXGroup;
			children = (
				35FA65A1198A8DEF007E1F2F /* Foundation.framework */,
				35FA65A3198A8DEF007E1F2F /* CoreGraphics.framework */,
				35FA65A5198A8DEF007E1F2F /* UIKit.framework */,
				35FA65C0198A8DF0007E1F2F /* XCTest.framework */,
			);
			name = Frameworks;
			sourceTree = "<group>";
		};
		35FA65A7198A8DEF007E1F2F /* PerformSelector消息处理方法 */ = {
			isa = PBXGroup;
			children = (
				35FA65B0198A8DEF007E1F2F /* AppDelegate.h */,
				35FA65B1198A8DEF007E1F2F /* AppDelegate.m */,
				35FA65B3198A8DEF007E1F2F /* Main.storyboard */,
				35FA65B6198A8DEF007E1F2F /* ViewController.h */,
				35FA65B7198A8DEF007E1F2F /* ViewController.m */,
				35FA65B9198A8DEF007E1F2F /* Images.xcassets */,
				35FA65A8198A8DEF007E1F2F /* Supporting Files */,
				35FA65D6198A8E44007E1F2F /* IOSApp.h */,
				35FA65D7198A8E44007E1F2F /* IOSApp.m */,
			);
			path = "PerformSelector消息处理方法";
			sourceTree = "<group>";
		};
		35FA65A8198A8DEF007E1F2F /* Supporting Files */ = {
			isa = PBXGroup;
			children = (
				35FA65A9198A8DEF007E1F2F /* PerformSelector消息处理方法-Info.plist */,
				35FA65AA198A8DEF007E1F2F /* InfoPlist.strings */,
				35FA65AD198A8DEF007E1F2F /* main.m */,
				35FA65AF198A8DEF007E1F2F /* PerformSelector消息处理方法-Prefix.pch */,
			);
			name = "Supporting Files";
			sourceTree = "<group>";
		};
		35FA65C6198A8DF0007E1F2F /* PerformSelector消息处理方法Tests */ = {
			isa = PBXGroup;
			children = (
				35FA65CC198A8DF0007E1F2F /* PerformSelector______Tests.m */,
				35FA65C7198A8DF0007E1F2F /* Supporting Files */,
			);
			path = "PerformSelector消息处理方法Tests";
			sourceTree = "<group>";
		};
		35FA65C7198A8DF0007E1F2F /* Supporting Files */ = {
			isa = PBXGroup;
			children = (
				35FA65C8198A8DF0007E1F2F /* PerformSelector消息处理方法Tests-Info.plist */,
				35FA65C9198A8DF0007E1F2F /* InfoPlist.strings */,
			);
			name = "Supporting Files";
			sourceTree = "<group>";
		};
/* End PBXGroup section */

/* Begin PBXNativeTarget section */
		35FA659D198A8DEF007E1F2F /* PerformSelector消息处理方法 */ = {
			isa = PBXNativeTarget;
			buildConfigurationList = 35FA65D0198A8DF0007E1F2F /* Build configuration list for PBXNativeTarget "PerformSelector消息处理方法" */;
			buildPhases = (
				35FA659A198A8DEF007E1F2F /* Sources */,
				35FA659B198A8DEF007E1F2F /* Frameworks */,
				35FA659C198A8DEF007E1F2F /* Resources */,
			);
			buildRules = (
			);
			dependencies = (
			);
			name = "PerformSelector消息处理方法";
			productName = "PerformSelector消息处理方法";
			productReference = 35FA659E198A8DEF007E1F2F /* PerformSelector消息处理方法.app */;
			productType = "com.apple.product-type.application";
		};
		35FA65BE198A8DF0007E1F2F /* PerformSelector消息处理方法Tests */ = {
			isa = PBXNativeTarget;
			buildConfigurationList = 35FA65D3198A8DF0007E1F2F /* Build configuration list for PBXNativeTarget "PerformSelector消息处理方法Tests" */;
			buildPhases = (
				35FA65BB198A8DF0007E1F2F /* Sources */,
				35FA65BC198A8DF0007E1F2F /* Frameworks */,
				35FA65BD198A8DF0007E1F2F /* Resources */,
			);
			buildRules = (
			);
			dependencies = (
				35FA65C5198A8DF0007E1F2F /* PBXTargetDependency */,
			);
			name = "PerformSelector消息处理方法Tests";
			productName = "PerformSelector消息处理方法Tests";
			productReference = 35FA65BF198A8DF0007E1F2F /* PerformSelector消息处理方法Tests.xctest */;
			productType = "com.apple.product-type.bundle.unit-test";
		};
/* End PBXNativeTarget section */

/* Begin PBXProject section */
		35FA6596198A8DEF007E1F2F /* Project object */ = {
			isa = PBXProject;
			attributes = {
				LastUpgradeCheck = 0510;
				ORGANIZATIONNAME = jiaxh;
				TargetAttributes = {
					35FA65BE198A8DF0007E1F2F = {
						TestTargetID = 35FA659D198A8DEF007E1F2F;
					};
				};
			};
			buildConfigurationList = 35FA6599198A8DEF007E1F2F /* Build configuration list for PBXProject "PerformSelector消息处理方法" */;
			compatibilityVersion = "Xcode 3.2";
			developmentRegion = English;
			hasScannedForEncodings = 0;
			knownRegions = (
				en,
				Base,
			);
			mainGroup = 35FA6595198A8DEF007E1F2F;
			productRefGroup = 35FA659F198A8DEF007E1F2F /* Products */;
			projectDirPath = "";
			projectRoot = "";
			targets = (
				35FA659D198A8DEF007E1F2F /* PerformSelector消息处理方法 */,
				35FA65BE198A8DF0007E1F2F /* PerformSelector消息处理方法Tests */,
			);
		};
/* End PBXProject section */

/* Begin PBXResourcesBuildPhase section */
		35FA659C198A8DEF007E1F2F /* Resources */ = {
			isa = PBXResourcesBuildPhase;
			buildActionMask = 2147483647;
			files = (
				35FA65BA198A8DEF007E1F2F /* Images.xcassets in Resources */,
				35FA65AC198A8DEF007E1F2F /* InfoPlist.strings in Resources */,
				35FA65B5198A8DEF007E1F2F /* Main.storyboard in Resources */,
			);
			runOnlyForDeploymentPostprocessing = 0;
		};
		35FA65BD198A8DF0007E1F2F /* Resources */ = {
			isa = PBXResourcesBuildPhase;
			buildActionMask = 2147483647;
			files = (
				35FA65CB198A8DF0007E1F2F /* InfoPlist.strings in Resources */,
			);
			runOnlyForDeploymentPostprocessing = 0;
		};
/* End PBXResourcesBuildPhase section */

/* Begin PBXSourcesBuildPhase section */
		35FA659A198A8DEF007E1F2F /* Sources */ = {
			isa = PBXSourcesBuildPhase;
			buildActionMask = 2147483647;
			files = (
				35FA65B8198A8DEF007E1F2F /* ViewController.m in Sources */,
				35FA65B2198A8DEF007E1F2F /* AppDelegate.m in Sources */,
				35FA65AE198A8DEF007E1F2F /* main.m in Sources */,
				35FA65D8198A8E44007E1F2F /* IOSApp.m in Sources */,
			);
			runOnlyForDeploymentPostprocessing = 0;
		};
		35FA65BB198A8DF0007E1F2F /* Sources */ = {
			isa = PBXSourcesBuildPhase;
			buildActionMask = 2147483647;
			files = (
				35FA65CD198A8DF0007E1F2F /* PerformSelector______Tests.m in Sources */,
			);
			runOnlyForDeploymentPostprocessing = 0;
		};
/* End PBXSourcesBuildPhase section */

/* Begin PBXTargetDependency section */
		35FA65C5198A8DF0007E1F2F /* PBXTargetDependency */ = {
			isa = PBXTargetDependency;
			target = 35FA659D198A8DEF007E1F2F /* PerformSelector消息处理方法 */;
			targetProxy = 35FA65C4198A8DF0007E1F2F /* PBXContainerItemProxy */;
		};
/* End PBXTargetDependency section */

/* Begin PBXVariantGroup section */
		35FA65AA198A8DEF007E1F2F /* InfoPlist.strings */ = {
			isa = PBXVariantGroup;
			children = (
				35FA65AB198A8DEF007E1F2F /* en */,
			);
			name = InfoPlist.strings;
			sourceTree = "<group>";
		};
		35FA65B3198A8DEF007E1F2F /* Main.storyboard */ = {
			isa = PBXVariantGroup;
			children = (
				35FA65B4198A8DEF007E1F2F /* Base */,
			);
			name = Main.storyboard;
			sourceTree = "<group>";
		};
		35FA65C9198A8DF0007E1F2F /* InfoPlist.strings */ = {
			isa = PBXVariantGroup;
			children = (
				35FA65CA198A8DF0007E1F2F /* en */,
			);
			name = InfoPlist.strings;
			sourceTree = "<group>";
		};
/* End PBXVariantGroup section */

/* Begin XCBuildConfiguration section */
		35FA65CE198A8DF0007E1F2F /* Debug */ = {
			isa = XCBuildConfiguration;
			buildSettings = {
				ALWAYS_SEARCH_USER_PATHS = NO;
				CLANG_CXX_LANGUAGE_STANDARD = "gnu++0x";
				CLANG_CXX_LIBRARY = "libc++";
				CLANG_ENABLE_MODULES = YES;
				CLANG_ENABLE_OBJC_ARC = YES;
				CLANG_WARN_BOOL_CONVERSION = YES;
				CLANG_WARN_CONSTANT_CONVERSION = YES;
				CLANG_WARN_DIRECT_OBJC_ISA_USAGE = YES_ERROR;
				CLANG_WARN_EMPTY_BODY = YES;
				CLANG_WARN_ENUM_CONVERSION = YES;
				CLANG_WARN_INT_CONVERSION = YES;
				CLANG_WARN_OBJC_ROOT_CLASS = YES_ERROR;
				CLANG_WARN__DUPLICATE_METHOD_MATCH = YES;
				"CODE_SIGN_IDENTITY[sdk=iphoneos*]" = "iPhone Developer";
				COPY_PHASE_STRIP = NO;
				GCC_C_LANGUAGE_STANDARD = gnu99;
				GCC_DYNAMIC_NO_PIC = NO;
				GCC_OPTIMIZATION_LEVEL = 0;
				GCC_PREPROCESSOR_DEFINITIONS = (
					"DEBUG=1",
					"$(inherited)",
				);
				GCC_SYMBOLS_PRIVATE_EXTERN = NO;
				GCC_WARN_64_TO_32_BIT_CONVERSION = YES;
				GCC_WARN_ABOUT_RETURN_TYPE = YES_ERROR;
				GCC_WARN_UNDECLARED_SELECTOR = YES;
				GCC_WARN_UNINITIALIZED_AUTOS = YES_AGGRESSIVE;
				GCC_WARN_UNUSED_FUNCTION = YES;
				GCC_WARN_UNUSED_VARIABLE = YES;
				IPHONEOS_DEPLOYMENT_TARGET = 7.1;
				ONLY_ACTIVE_ARCH = YES;
				SDKROOT = iphoneos;
			};
			name = Debug;
		};
		35FA65CF198A8DF0007E1F2F /* Release */ = {
			isa = XCBuildConfiguration;
			buildSettings = {
				ALWAYS_SEARCH_USER_PATHS = NO;
				CLANG_CXX_LANGUAGE_STANDARD = "gnu++0x";
				CLANG_CXX_LIBRARY = "libc++";
				CLANG_ENABLE_MODULES = YES;
				CLANG_ENABLE_OBJC_ARC = YES;
				CLANG_WARN_BOOL_CONVERSION = YES;
				CLANG_WARN_CONSTANT_CONVERSION = YES;
				CLANG_WARN_DIRECT_OBJC_ISA_USAGE = YES_ERROR;
				CLANG_WARN_EMPTY_BODY = YES;
				CLANG_WARN_ENUM_CONVERSION = YES;
				CLANG_WARN_INT_CONVERSION = YES;
				CLANG_WARN_OBJC_ROOT_CLASS = YES_ERROR;
				CLANG_WARN__DUPLICATE_METHOD_MATCH = YES;
				"CODE_SIGN_IDENTITY[sdk=iphoneos*]" = "iPhone Developer";
				COPY_PHASE_STRIP = YES;
				ENABLE_NS_ASSERTIONS = NO;
				GCC_C_LANGUAGE_STANDARD = gnu99;
				GCC_WARN_64_TO_32_BIT_CONVERSION = YES;
				GCC_WARN_ABOUT_RETURN_TYPE = YES_ERROR;
				GCC_WARN_UNDECLARED_SELECTOR = YES;
				GCC_WARN_UNINITIALIZED_AUTOS = YES_AGGRESSIVE;
				GCC_WARN_UNUSED_FUNCTION = YES;
				GCC_WARN_UNUSED_VARIABLE = YES;
				IPHONEOS_DEPLOYMENT_TARGET = 7.1;
				SDKROOT = iphoneos;
				VALIDATE_PRODUCT = YES;
			};
			name = Release;
		};
		35FA65D1198A8DF0007E1F2F /* Debug */ = {
			isa = XCBuildConfiguration;
			buildSettings = {
				ASSETCATALOG_COMPILER_APPICON_NAME = AppIcon;
				ASSETCATALOG_COMPILER_LAUNCHIMAGE_NAME = LaunchImage;
				GCC_PRECOMPILE_PREFIX_HEADER = YES;
				GCC_PREFIX_HEADER = "PerformSelector消息处理方法/PerformSelector消息处理方法-Prefix.pch";
				INFOPLIST_FILE = "PerformSelector消息处理方法/PerformSelector消息处理方法-Info.plist";
				PRODUCT_NAME = "$(TARGET_NAME)";
				WRAPPER_EXTENSION = app;
			};
			name = Debug;
		};
		35FA65D2198A8DF0007E1F2F /* Release */ = {
			isa = XCBuildConfiguration;
			buildSettings = {
				ASSETCATALOG_COMPILER_APPICON_NAME = AppIcon;
				ASSETCATALOG_COMPILER_LAUNCHIMAGE_NAME = LaunchImage;
				GCC_PRECOMPILE_PREFIX_HEADER = YES;
				GCC_PREFIX_HEADER = "PerformSelector消息处理方法/PerformSelector消息处理方法-Prefix.pch";
				INFOPLIST_FILE = "PerformSelector消息处理方法/PerformSelector消息处理方法-Info.plist";
				PRODUCT_NAME = "$(TARGET_NAME)";
				WRAPPER_EXTENSION = app;
			};
			name = Release;
		};
		35FA65D4198A8DF0007E1F2F /* Debug */ = {
			isa = XCBuildConfiguration;
			buildSettings = {
				BUNDLE_LOADER = "$(BUILT_PRODUCTS_DIR)/PerformSelector消息处理方法.app/PerformSelector消息处理方法";
				FRAMEWORK_SEARCH_PATHS = (
					"$(SDKROOT)/Developer/Library/Frameworks",
					"$(inherited)",
					"$(DEVELOPER_FRAMEWORKS_DIR)",
				);
				GCC_PRECOMPILE_PREFIX_HEADER = YES;
				GCC_PREFIX_HEADER = "PerformSelector消息处理方法/PerformSelector消息处理方法-Prefix.pch";
				GCC_PREPROCESSOR_DEFINITIONS = (
					"DEBUG=1",
					"$(inherited)",
				);
				INFOPLIST_FILE = "PerformSelector消息处理方法Tests/PerformSelector消息处理方法Tests-Info.plist";
				PRODUCT_NAME = "$(TARGET_NAME)";
				TEST_HOST = "$(BUNDLE_LOADER)";
				WRAPPER_EXTENSION = xctest;
			};
			name = Debug;
		};
		35FA65D5198A8DF0007E1F2F /* Release */ = {
			isa = XCBuildConfiguration;
			buildSettings = {
				BUNDLE_LOADER = "$(BUILT_PRODUCTS_DIR)/PerformSelector消息处理方法.app/PerformSelector消息处理方法";
				FRAMEWORK_SEARCH_PATHS = (
					"$(SDKROOT)/Developer/Library/Frameworks",
					"$(inherited)",
					"$(DEVELOPER_FRAMEWORKS_DIR)",
				);
				GCC_PRECOMPILE_PREFIX_HEADER = YES;
				GCC_PREFIX_HEADER = "PerformSelector消息处理方法/PerformSelector消息处理方法-Prefix.pch";
				INFOPLIST_FILE = "PerformSelector消息处理方法Tests/PerformSelector消息处理方法Tests-Info.plist";
				PRODUCT_NAME = "$(TARGET_NAME)";
				TEST_HOST = "$(BUNDLE_LOADER)";
				WRAPPER_EXTENSION = xctest;
			};
			name = Release;
		};
/* End XCBuildConfiguration section */

/* Begin XCConfigurationList section */
		35FA6599198A8DEF007E1F2F /* Build configuration list for PBXProject "PerformSelector消息处理方法" */ = {
			isa = XCConfigurationList;
			buildConfigurations = (
				35FA65CE198A8DF0007E1F2F /* Debug */,
				35FA65CF198A8DF0007E1F2F /* Release */,
			);
			defaultConfigurationIsVisible = 0;
			defaultConfigurationName = Release;
		};
		35FA65D0198A8DF0007E1F2F /* Build configuration list for PBXNativeTarget "PerformSelector消息处理方法" */ = {
			isa = XCConfigurationList;
			buildConfigurations = (
				35FA65D1198A8DF0007E1F2F /* Debug */,
				35FA65D2198A8DF0007E1F2F /* Release */,
			);
			defaultConfigurationIsVisible = 0;
		};
		35FA65D3198A8DF0007E1F2F /* Build configuration list for PBXNativeTarget "PerformSelector消息处理方法Tests" */ = {
			isa = XCConfigurationList;
			buildConfigurations = (
				35FA65D4198A8DF0007E1F2F /* Debug */,
				35FA65D5198A8DF0007E1F2F /* Release */,
			);
			defaultConfigurationIsVisible = 0;
		};
/* End XCConfigurationList section */
	};
	rootObject = 35FA6596198A8DEF007E1F2F /* Project object */;
}
