// !$*UTF8*$!
{
	archiveVersion = 1;
	classes = {
	};
	objectVersion = 46;
	objects = {

/* Begin PBXBuildFile section */
		359E85EB198AD2DE005AB7E5 /* Foundation.framework in Frameworks */ = {isa = PBXBuildFile; fileRef = 359E85EA198AD2DE005AB7E5 /* Foundation.framework */; };
		359E85ED198AD2DE005AB7E5 /* CoreGraphics.framework in Frameworks */ = {isa = PBXBuildFile; fileRef = 359E85EC198AD2DE005AB7E5 /* CoreGraphics.framework */; };
		359E85EF198AD2DE005AB7E5 /* UIKit.framework in Frameworks */ = {isa = PBXBuildFile; fileRef = 359E85EE198AD2DE005AB7E5 /* UIKit.framework */; };
		359E85F5198AD2DE005AB7E5 /* InfoPlist.strings in Resources */ = {isa = PBXBuildFile; fileRef = 359E85F3198AD2DE005AB7E5 /* InfoPlist.strings */; };
		359E85F7198AD2DE005AB7E5 /* main.m in Sources */ = {isa = PBXBuildFile; fileRef = 359E85F6198AD2DE005AB7E5 /* main.m */; };
		359E85FB198AD2DE005AB7E5 /* AppDelegate.m in Sources */ = {isa = PBXBuildFile; fileRef = 359E85FA198AD2DE005AB7E5 /* AppDelegate.m */; };
		359E85FE198AD2DE005AB7E5 /* Main.storyboard in Resources */ = {isa = PBXBuildFile; fileRef = 359E85FC198AD2DE005AB7E5 /* Main.storyboard */; };
		359E8601198AD2DE005AB7E5 /* ViewController.m in Sources */ = {isa = PBXBuildFile; fileRef = 359E8600198AD2DE005AB7E5 /* ViewController.m */; };
		359E8603198AD2DE005AB7E5 /* Images.xcassets in Resources */ = {isa = PBXBuildFile; fileRef = 359E8602198AD2DE005AB7E5 /* Images.xcassets */; };
		359E860A198AD2DE005AB7E5 /* XCTest.framework in Frameworks */ = {isa = PBXBuildFile; fileRef = 359E8609198AD2DE005AB7E5 /* XCTest.framework */; };
		359E860B198AD2DE005AB7E5 /* Foundation.framework in Frameworks */ = {isa = PBXBuildFile; fileRef = 359E85EA198AD2DE005AB7E5 /* Foundation.framework */; };
		359E860C198AD2DE005AB7E5 /* UIKit.framework in Frameworks */ = {isa = PBXBuildFile; fileRef = 359E85EE198AD2DE005AB7E5 /* UIKit.framework */; };
		359E8614198AD2DE005AB7E5 /* InfoPlist.strings in Resources */ = {isa = PBXBuildFile; fileRef = 359E8612198AD2DE005AB7E5 /* InfoPlist.strings */; };
		359E8616198AD2DE005AB7E5 /* __Quartz2D______Tests.m in Sources */ = {isa = PBXBuildFile; fileRef = 359E8615198AD2DE005AB7E5 /* __Quartz2D______Tests.m */; };
		359E8621198AD313005AB7E5 /* QuartzView.m in Sources */ = {isa = PBXBuildFile; fileRef = 359E8620198AD313005AB7E5 /* QuartzView.m */; };
/* End PBXBuildFile section */

/* Begin PBXContainerItemProxy section */
		359E860D198AD2DE005AB7E5 /* PBXContainerItemProxy */ = {
			isa = PBXContainerItemProxy;
			containerPortal = 359E85DF198AD2DE005AB7E5 /* Project object */;
			proxyType = 1;
			remoteGlobalIDString = 359E85E6198AD2DE005AB7E5;
			remoteInfo = "使用Quartz2D绘制基本图形";
		};
/* End PBXContainerItemProxy section */

/* Begin PBXFileReference section */
		359E85E7198AD2DE005AB7E5 /* 使用Quartz2D绘制基本图形.app */ = {isa = PBXFileReference; explicitFileType = wrapper.application; includeInIndex = 0; path = "使用Quartz2D绘制基本图形.app"; sourceTree = BUILT_PRODUCTS_DIR; };
		359E85EA198AD2DE005AB7E5 /* Foundation.framework */ = {isa = PBXFileReference; lastKnownFileType = wrapper.framework; name = Foundation.framework; path = System/Library/Frameworks/Foundation.framework; sourceTree = SDKROOT; };
		359E85EC198AD2DE005AB7E5 /* CoreGraphics.framework */ = {isa = PBXFileReference; lastKnownFileType = wrapper.framework; name = CoreGraphics.framework; path = System/Library/Frameworks/CoreGraphics.framework; sourceTree = SDKROOT; };
		359E85EE198AD2DE005AB7E5 /* UIKit.framework */ = {isa = PBXFileReference; lastKnownFileType = wrapper.framework; name = UIKit.framework; path = System/Library/Frameworks/UIKit.framework; sourceTree = SDKROOT; };
		359E85F2198AD2DE005AB7E5 /* 使用Quartz2D绘制基本图形-Info.plist */ = {isa = PBXFileReference; lastKnownFileType = text.plist.xml; path = "使用Quartz2D绘制基本图形-Info.plist"; sourceTree = "<group>"; };
		359E85F4198AD2DE005AB7E5 /* en */ = {isa = PBXFileReference; lastKnownFileType = text.plist.strings; name = en; path = en.lproj/InfoPlist.strings; sourceTree = "<group>"; };
		359E85F6198AD2DE005AB7E5 /* main.m */ = {isa = PBXFileReference; lastKnownFileType = sourcecode.c.objc; path = main.m; sourceTree = "<group>"; };
		359E85F8198AD2DE005AB7E5 /* 使用Quartz2D绘制基本图形-Prefix.pch */ = {isa = PBXFileReference; lastKnownFileType = sourcecode.c.h; path = "使用Quartz2D绘制基本图形-Prefix.pch"; sourceTree = "<group>"; };
		359E85F9198AD2DE005AB7E5 /* AppDelegate.h */ = {isa = PBXFileReference; lastKnownFileType = sourcecode.c.h; path = AppDelegate.h; sourceTree = "<group>"; };
		359E85FA198AD2DE005AB7E5 /* AppDelegate.m */ = {isa = PBXFileReference; lastKnownFileType = sourcecode.c.objc; path = AppDelegate.m; sourceTree = "<group>"; };
		359E85FD198AD2DE005AB7E5 /* Base */ = {isa = PBXFileReference; lastKnownFileType = file.storyboard; name = Base; path = Base.lproj/Main.storyboard; sourceTree = "<group>"; };
		359E85FF198AD2DE005AB7E5 /* ViewController.h */ = {isa = PBXFileReference; lastKnownFileType = sourcecode.c.h; path = ViewController.h; sourceTree = "<group>"; };
		359E8600198AD2DE005AB7E5 /* ViewController.m */ = {isa = PBXFileReference; lastKnownFileType = sourcecode.c.objc; path = ViewController.m; sourceTree = "<group>"; };
		359E8602198AD2DE005AB7E5 /* Images.xcassets */ = {isa = PBXFileReference; lastKnownFileType = folder.assetcatalog; path = Images.xcassets; sourceTree = "<group>"; };
		359E8608198AD2DE005AB7E5 /* 使用Quartz2D绘制基本图形Tests.xctest */ = {isa = PBXFileReference; explicitFileType = wrapper.cfbundle; includeInIndex = 0; path = "使用Quartz2D绘制基本图形Tests.xctest"; sourceTree = BUILT_PRODUCTS_DIR; };
		359E8609198AD2DE005AB7E5 /* XCTest.framework */ = {isa = PBXFileReference; lastKnownFileType = wrapper.framework; name = XCTest.framework; path = Library/Frameworks/XCTest.framework; sourceTree = DEVELOPER_DIR; };
		359E8611198AD2DE005AB7E5 /* 使用Quartz2D绘制基本图形Tests-Info.plist */ = {isa = PBXFileReference; lastKnownFileType = text.plist.xml; path = "使用Quartz2D绘制基本图形Tests-Info.plist"; sourceTree = "<group>"; };
		359E8613198AD2DE005AB7E5 /* en */ = {isa = PBXFileReference; lastKnownFileType = text.plist.strings; name = en; path = en.lproj/InfoPlist.strings; sourceTree = "<group>"; };
		359E8615198AD2DE005AB7E5 /* __Quartz2D______Tests.m */ = {isa = PBXFileReference; lastKnownFileType = sourcecode.c.objc; path = "__Quartz2D______Tests.m"; sourceTree = "<group>"; };
		359E861F198AD313005AB7E5 /* QuartzView.h */ = {isa = PBXFileReference; fileEncoding = 4; lastKnownFileType = sourcecode.c.h; path = QuartzView.h; sourceTree = "<group>"; };
		359E8620198AD313005AB7E5 /* QuartzView.m */ = {isa = PBXFileReference; fileEncoding = 4; lastKnownFileType = sourcecode.c.objc; path = QuartzView.m; sourceTree = "<group>"; };
/* End PBXFileReference section */

/* Begin PBXFrameworksBuildPhase section */
		359E85E4198AD2DE005AB7E5 /* Frameworks */ = {
			isa = PBXFrameworksBuildPhase;
			buildActionMask = 2147483647;
			files = (
				359E85ED198AD2DE005AB7E5 /* CoreGraphics.framework in Frameworks */,
				359E85EF198AD2DE005AB7E5 /* UIKit.framework in Frameworks */,
				359E85EB198AD2DE005AB7E5 /* Foundation.framework in Frameworks */,
			);
			runOnlyForDeploymentPostprocessing = 0;
		};
		359E8605198AD2DE005AB7E5 /* Frameworks */ = {
			isa = PBXFrameworksBuildPhase;
			buildActionMask = 2147483647;
			files = (
				359E860A198AD2DE005AB7E5 /* XCTest.framework in Frameworks */,
				359E860C198AD2DE005AB7E5 /* UIKit.framework in Frameworks */,
				359E860B198AD2DE005AB7E5 /* Foundation.framework in Frameworks */,
			);
			runOnlyForDeploymentPostprocessing = 0;
		};
/* End PBXFrameworksBuildPhase section */

/* Begin PBXGroup section */
		359E85DE198AD2DE005AB7E5 = {
			isa = PBXGroup;
			children = (
				359E85F0198AD2DE005AB7E5 /* 使用Quartz2D绘制基本图形 */,
				359E860F198AD2DE005AB7E5 /* 使用Quartz2D绘制基本图形Tests */,
				359E85E9198AD2DE005AB7E5 /* Frameworks */,
				359E85E8198AD2DE005AB7E5 /* Products */,
			);
			sourceTree = "<group>";
		};
		359E85E8198AD2DE005AB7E5 /* Products */ = {
			isa = PBXGroup;
			children = (
				359E85E7198AD2DE005AB7E5 /* 使用Quartz2D绘制基本图形.app */,
				359E8608198AD2DE005AB7E5 /* 使用Quartz2D绘制基本图形Tests.xctest */,
			);
			name = Products;
			sourceTree = "<group>";
		};
		359E85E9198AD2DE005AB7E5 /* Frameworks */ = {
			isa = PBXGroup;
			children = (
				359E85EA198AD2DE005AB7E5 /* Foundation.framework */,
				359E85EC198AD2DE005AB7E5 /* CoreGraphics.framework */,
				359E85EE198AD2DE005AB7E5 /* UIKit.framework */,
				359E8609198AD2DE005AB7E5 /* XCTest.framework */,
			);
			name = Frameworks;
			sourceTree = "<group>";
		};
		359E85F0198AD2DE005AB7E5 /* 使用Quartz2D绘制基本图形 */ = {
			isa = PBXGroup;
			children = (
				359E85F9198AD2DE005AB7E5 /* AppDelegate.h */,
				359E85FA198AD2DE005AB7E5 /* AppDelegate.m */,
				359E85FC198AD2DE005AB7E5 /* Main.storyboard */,
				359E85FF198AD2DE005AB7E5 /* ViewController.h */,
				359E8600198AD2DE005AB7E5 /* ViewController.m */,
				359E8602198AD2DE005AB7E5 /* Images.xcassets */,
				359E85F1198AD2DE005AB7E5 /* Supporting Files */,
				359E861F198AD313005AB7E5 /* QuartzView.h */,
				359E8620198AD313005AB7E5 /* QuartzView.m */,
			);
			path = "使用Quartz2D绘制基本图形";
			sourceTree = "<group>";
		};
		359E85F1198AD2DE005AB7E5 /* Supporting Files */ = {
			isa = PBXGroup;
			children = (
				359E85F2198AD2DE005AB7E5 /* 使用Quartz2D绘制基本图形-Info.plist */,
				359E85F3198AD2DE005AB7E5 /* InfoPlist.strings */,
				359E85F6198AD2DE005AB7E5 /* main.m */,
				359E85F8198AD2DE005AB7E5 /* 使用Quartz2D绘制基本图形-Prefix.pch */,
			);
			name = "Supporting Files";
			sourceTree = "<group>";
		};
		359E860F198AD2DE005AB7E5 /* 使用Quartz2D绘制基本图形Tests */ = {
			isa = PBXGroup;
			children = (
				359E8615198AD2DE005AB7E5 /* __Quartz2D______Tests.m */,
				359E8610198AD2DE005AB7E5 /* Supporting Files */,
			);
			path = "使用Quartz2D绘制基本图形Tests";
			sourceTree = "<group>";
		};
		359E8610198AD2DE005AB7E5 /* Supporting Files */ = {
			isa = PBXGroup;
			children = (
				359E8611198AD2DE005AB7E5 /* 使用Quartz2D绘制基本图形Tests-Info.plist */,
				359E8612198AD2DE005AB7E5 /* InfoPlist.strings */,
			);
			name = "Supporting Files";
			sourceTree = "<group>";
		};
/* End PBXGroup section */

/* Begin PBXNativeTarget section */
		359E85E6198AD2DE005AB7E5 /* 使用Quartz2D绘制基本图形 */ = {
			isa = PBXNativeTarget;
			buildConfigurationList = 359E8619198AD2DE005AB7E5 /* Build configuration list for PBXNativeTarget "使用Quartz2D绘制基本图形" */;
			buildPhases = (
				359E85E3198AD2DE005AB7E5 /* Sources */,
				359E85E4198AD2DE005AB7E5 /* Frameworks */,
				359E85E5198AD2DE005AB7E5 /* Resources */,
			);
			buildRules = (
			);
			dependencies = (
			);
			name = "使用Quartz2D绘制基本图形";
			productName = "使用Quartz2D绘制基本图形";
			productReference = 359E85E7198AD2DE005AB7E5 /* 使用Quartz2D绘制基本图形.app */;
			productType = "com.apple.product-type.application";
		};
		359E8607198AD2DE005AB7E5 /* 使用Quartz2D绘制基本图形Tests */ = {
			isa = PBXNativeTarget;
			buildConfigurationList = 359E861C198AD2DE005AB7E5 /* Build configuration list for PBXNativeTarget "使用Quartz2D绘制基本图形Tests" */;
			buildPhases = (
				359E8604198AD2DE005AB7E5 /* Sources */,
				359E8605198AD2DE005AB7E5 /* Frameworks */,
				359E8606198AD2DE005AB7E5 /* Resources */,
			);
			buildRules = (
			);
			dependencies = (
				359E860E198AD2DE005AB7E5 /* PBXTargetDependency */,
			);
			name = "使用Quartz2D绘制基本图形Tests";
			productName = "使用Quartz2D绘制基本图形Tests";
			productReference = 359E8608198AD2DE005AB7E5 /* 使用Quartz2D绘制基本图形Tests.xctest */;
			productType = "com.apple.product-type.bundle.unit-test";
		};
/* End PBXNativeTarget section */

/* Begin PBXProject section */
		359E85DF198AD2DE005AB7E5 /* Project object */ = {
			isa = PBXProject;
			attributes = {
				LastUpgradeCheck = 0510;
				ORGANIZATIONNAME = jiaxh;
				TargetAttributes = {
					359E8607198AD2DE005AB7E5 = {
						TestTargetID = 359E85E6198AD2DE005AB7E5;
					};
				};
			};
			buildConfigurationList = 359E85E2198AD2DE005AB7E5 /* Build configuration list for PBXProject "使用Quartz2D绘制基本图形" */;
			compatibilityVersion = "Xcode 3.2";
			developmentRegion = English;
			hasScannedForEncodings = 0;
			knownRegions = (
				en,
				Base,
			);
			mainGroup = 359E85DE198AD2DE005AB7E5;
			productRefGroup = 359E85E8198AD2DE005AB7E5 /* Products */;
			projectDirPath = "";
			projectRoot = "";
			targets = (
				359E85E6198AD2DE005AB7E5 /* 使用Quartz2D绘制基本图形 */,
				359E8607198AD2DE005AB7E5 /* 使用Quartz2D绘制基本图形Tests */,
			);
		};
/* End PBXProject section */

/* Begin PBXResourcesBuildPhase section */
		359E85E5198AD2DE005AB7E5 /* Resources */ = {
			isa = PBXResourcesBuildPhase;
			buildActionMask = 2147483647;
			files = (
				359E8603198AD2DE005AB7E5 /* Images.xcassets in Resources */,
				359E85F5198AD2DE005AB7E5 /* InfoPlist.strings in Resources */,
				359E85FE198AD2DE005AB7E5 /* Main.storyboard in Resources */,
			);
			runOnlyForDeploymentPostprocessing = 0;
		};
		359E8606198AD2DE005AB7E5 /* Resources */ = {
			isa = PBXResourcesBuildPhase;
			buildActionMask = 2147483647;
			files = (
				359E8614198AD2DE005AB7E5 /* InfoPlist.strings in Resources */,
			);
			runOnlyForDeploymentPostprocessing = 0;
		};
/* End PBXResourcesBuildPhase section */

/* Begin PBXSourcesBuildPhase section */
		359E85E3198AD2DE005AB7E5 /* Sources */ = {
			isa = PBXSourcesBuildPhase;
			buildActionMask = 2147483647;
			files = (
				359E8601198AD2DE005AB7E5 /* ViewController.m in Sources */,
				359E8621198AD313005AB7E5 /* QuartzView.m in Sources */,
				359E85FB198AD2DE005AB7E5 /* AppDelegate.m in Sources */,
				359E85F7198AD2DE005AB7E5 /* main.m in Sources */,
			);
			runOnlyForDeploymentPostprocessing = 0;
		};
		359E8604198AD2DE005AB7E5 /* Sources */ = {
			isa = PBXSourcesBuildPhase;
			buildActionMask = 2147483647;
			files = (
				359E8616198AD2DE005AB7E5 /* __Quartz2D______Tests.m in Sources */,
			);
			runOnlyForDeploymentPostprocessing = 0;
		};
/* End PBXSourcesBuildPhase section */

/* Begin PBXTargetDependency section */
		359E860E198AD2DE005AB7E5 /* PBXTargetDependency */ = {
			isa = PBXTargetDependency;
			target = 359E85E6198AD2DE005AB7E5 /* 使用Quartz2D绘制基本图形 */;
			targetProxy = 359E860D198AD2DE005AB7E5 /* PBXContainerItemProxy */;
		};
/* End PBXTargetDependency section */

/* Begin PBXVariantGroup section */
		359E85F3198AD2DE005AB7E5 /* InfoPlist.strings */ = {
			isa = PBXVariantGroup;
			children = (
				359E85F4198AD2DE005AB7E5 /* en */,
			);
			name = InfoPlist.strings;
			sourceTree = "<group>";
		};
		359E85FC198AD2DE005AB7E5 /* Main.storyboard */ = {
			isa = PBXVariantGroup;
			children = (
				359E85FD198AD2DE005AB7E5 /* Base */,
			);
			name = Main.storyboard;
			sourceTree = "<group>";
		};
		359E8612198AD2DE005AB7E5 /* InfoPlist.strings */ = {
			isa = PBXVariantGroup;
			children = (
				359E8613198AD2DE005AB7E5 /* en */,
			);
			name = InfoPlist.strings;
			sourceTree = "<group>";
		};
/* End PBXVariantGroup section */

/* Begin XCBuildConfiguration section */
		359E8617198AD2DE005AB7E5 /* Debug */ = {
			isa = XCBuildConfiguration;
			buildSettings = {
				ALWAYS_SEARCH_USER_PATHS = NO;
				CLANG_CXX_LANGUAGE_STANDARD = "gnu++0x";
				CLANG_CXX_LIBRARY = "libc++";
				CLANG_ENABLE_MODULES = YES;
				CLANG_ENABLE_OBJC_ARC = YES;
				CLANG_WARN_BOOL_CONVERSION = YES;
				CLANG_WARN_CONSTANT_CONVERSION = YES;
				CLANG_WARN_DIRECT_OBJC_ISA_USAGE = YES_ERROR;
				CLANG_WARN_EMPTY_BODY = YES;
				CLANG_WARN_ENUM_CONVERSION = YES;
				CLANG_WARN_INT_CONVERSION = YES;
				CLANG_WARN_OBJC_ROOT_CLASS = YES_ERROR;
				CLANG_WARN__DUPLICATE_METHOD_MATCH = YES;
				"CODE_SIGN_IDENTITY[sdk=iphoneos*]" = "iPhone Developer";
				COPY_PHASE_STRIP = NO;
				GCC_C_LANGUAGE_STANDARD = gnu99;
				GCC_DYNAMIC_NO_PIC = NO;
				GCC_OPTIMIZATION_LEVEL = 0;
				GCC_PREPROCESSOR_DEFINITIONS = (
					"DEBUG=1",
					"$(inherited)",
				);
				GCC_SYMBOLS_PRIVATE_EXTERN = NO;
				GCC_WARN_64_TO_32_BIT_CONVERSION = YES;
				GCC_WARN_ABOUT_RETURN_TYPE = YES_ERROR;
				GCC_WARN_UNDECLARED_SELECTOR = YES;
				GCC_WARN_UNINITIALIZED_AUTOS = YES_AGGRESSIVE;
				GCC_WARN_UNUSED_FUNCTION = YES;
				GCC_WARN_UNUSED_VARIABLE = YES;
				IPHONEOS_DEPLOYMENT_TARGET = 7.1;
				ONLY_ACTIVE_ARCH = YES;
				SDKROOT = iphoneos;
			};
			name = Debug;
		};
		359E8618198AD2DE005AB7E5 /* Release */ = {
			isa = XCBuildConfiguration;
			buildSettings = {
				ALWAYS_SEARCH_USER_PATHS = NO;
				CLANG_CXX_LANGUAGE_STANDARD = "gnu++0x";
				CLANG_CXX_LIBRARY = "libc++";
				CLANG_ENABLE_MODULES = YES;
				CLANG_ENABLE_OBJC_ARC = YES;
				CLANG_WARN_BOOL_CONVERSION = YES;
				CLANG_WARN_CONSTANT_CONVERSION = YES;
				CLANG_WARN_DIRECT_OBJC_ISA_USAGE = YES_ERROR;
				CLANG_WARN_EMPTY_BODY = YES;
				CLANG_WARN_ENUM_CONVERSION = YES;
				CLANG_WARN_INT_CONVERSION = YES;
				CLANG_WARN_OBJC_ROOT_CLASS = YES_ERROR;
				CLANG_WARN__DUPLICATE_METHOD_MATCH = YES;
				"CODE_SIGN_IDENTITY[sdk=iphoneos*]" = "iPhone Developer";
				COPY_PHASE_STRIP = YES;
				ENABLE_NS_ASSERTIONS = NO;
				GCC_C_LANGUAGE_STANDARD = gnu99;
				GCC_WARN_64_TO_32_BIT_CONVERSION = YES;
				GCC_WARN_ABOUT_RETURN_TYPE = YES_ERROR;
				GCC_WARN_UNDECLARED_SELECTOR = YES;
				GCC_WARN_UNINITIALIZED_AUTOS = YES_AGGRESSIVE;
				GCC_WARN_UNUSED_FUNCTION = YES;
				GCC_WARN_UNUSED_VARIABLE = YES;
				IPHONEOS_DEPLOYMENT_TARGET = 7.1;
				SDKROOT = iphoneos;
				VALIDATE_PRODUCT = YES;
			};
			name = Release;
		};
		359E861A198AD2DE005AB7E5 /* Debug */ = {
			isa = XCBuildConfiguration;
			buildSettings = {
				ASSETCATALOG_COMPILER_APPICON_NAME = AppIcon;
				ASSETCATALOG_COMPILER_LAUNCHIMAGE_NAME = LaunchImage;
				GCC_PRECOMPILE_PREFIX_HEADER = YES;
				GCC_PREFIX_HEADER = "使用Quartz2D绘制基本图形/使用Quartz2D绘制基本图形-Prefix.pch";
				INFOPLIST_FILE = "使用Quartz2D绘制基本图形/使用Quartz2D绘制基本图形-Info.plist";
				PRODUCT_NAME = "$(TARGET_NAME)";
				WRAPPER_EXTENSION = app;
			};
			name = Debug;
		};
		359E861B198AD2DE005AB7E5 /* Release */ = {
			isa = XCBuildConfiguration;
			buildSettings = {
				ASSETCATALOG_COMPILER_APPICON_NAME = AppIcon;
				ASSETCATALOG_COMPILER_LAUNCHIMAGE_NAME = LaunchImage;
				GCC_PRECOMPILE_PREFIX_HEADER = YES;
				GCC_PREFIX_HEADER = "使用Quartz2D绘制基本图形/使用Quartz2D绘制基本图形-Prefix.pch";
				INFOPLIST_FILE = "使用Quartz2D绘制基本图形/使用Quartz2D绘制基本图形-Info.plist";
				PRODUCT_NAME = "$(TARGET_NAME)";
				WRAPPER_EXTENSION = app;
			};
			name = Release;
		};
		359E861D198AD2DE005AB7E5 /* Debug */ = {
			isa = XCBuildConfiguration;
			buildSettings = {
				BUNDLE_LOADER = "$(BUILT_PRODUCTS_DIR)/使用Quartz2D绘制基本图形.app/使用Quartz2D绘制基本图形";
				FRAMEWORK_SEARCH_PATHS = (
					"$(SDKROOT)/Developer/Library/Frameworks",
					"$(inherited)",
					"$(DEVELOPER_FRAMEWORKS_DIR)",
				);
				GCC_PRECOMPILE_PREFIX_HEADER = YES;
				GCC_PREFIX_HEADER = "使用Quartz2D绘制基本图形/使用Quartz2D绘制基本图形-Prefix.pch";
				GCC_PREPROCESSOR_DEFINITIONS = (
					"DEBUG=1",
					"$(inherited)",
				);
				INFOPLIST_FILE = "使用Quartz2D绘制基本图形Tests/使用Quartz2D绘制基本图形Tests-Info.plist";
				PRODUCT_NAME = "$(TARGET_NAME)";
				TEST_HOST = "$(BUNDLE_LOADER)";
				WRAPPER_EXTENSION = xctest;
			};
			name = Debug;
		};
		359E861E198AD2DE005AB7E5 /* Release */ = {
			isa = XCBuildConfiguration;
			buildSettings = {
				BUNDLE_LOADER = "$(BUILT_PRODUCTS_DIR)/使用Quartz2D绘制基本图形.app/使用Quartz2D绘制基本图形";
				FRAMEWORK_SEARCH_PATHS = (
					"$(SDKROOT)/Developer/Library/Frameworks",
					"$(inherited)",
					"$(DEVELOPER_FRAMEWORKS_DIR)",
				);
				GCC_PRECOMPILE_PREFIX_HEADER = YES;
				GCC_PREFIX_HEADER = "使用Quartz2D绘制基本图形/使用Quartz2D绘制基本图形-Prefix.pch";
				INFOPLIST_FILE = "使用Quartz2D绘制基本图形Tests/使用Quartz2D绘制基本图形Tests-Info.plist";
				PRODUCT_NAME = "$(TARGET_NAME)";
				TEST_HOST = "$(BUNDLE_LOADER)";
				WRAPPER_EXTENSION = xctest;
			};
			name = Release;
		};
/* End XCBuildConfiguration section */

/* Begin XCConfigurationList section */
		359E85E2198AD2DE005AB7E5 /* Build configuration list for PBXProject "使用Quartz2D绘制基本图形" */ = {
			isa = XCConfigurationList;
			buildConfigurations = (
				359E8617198AD2DE005AB7E5 /* Debug */,
				359E8618198AD2DE005AB7E5 /* Release */,
			);
			defaultConfigurationIsVisible = 0;
			defaultConfigurationName = Release;
		};
		359E8619198AD2DE005AB7E5 /* Build configuration list for PBXNativeTarget "使用Quartz2D绘制基本图形" */ = {
			isa = XCConfigurationList;
			buildConfigurations = (
				359E861A198AD2DE005AB7E5 /* Debug */,
				359E861B198AD2DE005AB7E5 /* Release */,
			);
			defaultConfigurationIsVisible = 0;
		};
		359E861C198AD2DE005AB7E5 /* Build configuration list for PBXNativeTarget "使用Quartz2D绘制基本图形Tests" */ = {
			isa = XCConfigurationList;
			buildConfigurations = (
				359E861D198AD2DE005AB7E5 /* Debug */,
				359E861E198AD2DE005AB7E5 /* Release */,
			);
			defaultConfigurationIsVisible = 0;
		};
/* End XCConfigurationList section */
	};
	rootObject = 359E85DF198AD2DE005AB7E5 /* Project object */;
}
