// !$*UTF8*$!
{
	archiveVersion = 1;
	classes = {
	};
	objectVersion = 46;
	objects = {

/* Begin PBXBuildFile section */
		3577B05B19897C2E008E9BDA /* Foundation.framework in Frameworks */ = {isa = PBXBuildFile; fileRef = 3577B05A19897C2E008E9BDA /* Foundation.framework */; };
		3577B05D19897C2E008E9BDA /* CoreGraphics.framework in Frameworks */ = {isa = PBXBuildFile; fileRef = 3577B05C19897C2E008E9BDA /* CoreGraphics.framework */; };
		3577B05F19897C2E008E9BDA /* UIKit.framework in Frameworks */ = {isa = PBXBuildFile; fileRef = 3577B05E19897C2E008E9BDA /* UIKit.framework */; };
		3577B06519897C2E008E9BDA /* InfoPlist.strings in Resources */ = {isa = PBXBuildFile; fileRef = 3577B06319897C2E008E9BDA /* InfoPlist.strings */; };
		3577B06719897C2E008E9BDA /* main.m in Sources */ = {isa = PBXBuildFile; fileRef = 3577B06619897C2E008E9BDA /* main.m */; };
		3577B06B19897C2E008E9BDA /* AppDelegate.m in Sources */ = {isa = PBXBuildFile; fileRef = 3577B06A19897C2E008E9BDA /* AppDelegate.m */; };
		3577B06E19897C2E008E9BDA /* Main.storyboard in Resources */ = {isa = PBXBuildFile; fileRef = 3577B06C19897C2E008E9BDA /* Main.storyboard */; };
		3577B07119897C2E008E9BDA /* ViewController.m in Sources */ = {isa = PBXBuildFile; fileRef = 3577B07019897C2E008E9BDA /* ViewController.m */; };
		3577B07319897C2E008E9BDA /* Images.xcassets in Resources */ = {isa = PBXBuildFile; fileRef = 3577B07219897C2E008E9BDA /* Images.xcassets */; };
		3577B07A19897C2E008E9BDA /* XCTest.framework in Frameworks */ = {isa = PBXBuildFile; fileRef = 3577B07919897C2E008E9BDA /* XCTest.framework */; };
		3577B07B19897C2E008E9BDA /* Foundation.framework in Frameworks */ = {isa = PBXBuildFile; fileRef = 3577B05A19897C2E008E9BDA /* Foundation.framework */; };
		3577B07C19897C2E008E9BDA /* UIKit.framework in Frameworks */ = {isa = PBXBuildFile; fileRef = 3577B05E19897C2E008E9BDA /* UIKit.framework */; };
		3577B08419897C2E008E9BDA /* InfoPlist.strings in Resources */ = {isa = PBXBuildFile; fileRef = 3577B08219897C2E008E9BDA /* InfoPlist.strings */; };
		3577B08619897C2E008E9BDA /* __UIView_____Tests.m in Sources */ = {isa = PBXBuildFile; fileRef = 3577B08519897C2E008E9BDA /* __UIView_____Tests.m */; };
		3577B0B819897C41008E9BDA /* 10001.tif in Resources */ = {isa = PBXBuildFile; fileRef = 3577B09019897C41008E9BDA /* 10001.tif */; };
		3577B0B919897C41008E9BDA /* 10002.tif in Resources */ = {isa = PBXBuildFile; fileRef = 3577B09119897C41008E9BDA /* 10002.tif */; };
		3577B0BA19897C41008E9BDA /* 10003.tif in Resources */ = {isa = PBXBuildFile; fileRef = 3577B09219897C41008E9BDA /* 10003.tif */; };
		3577B0BB19897C41008E9BDA /* 10004.tif in Resources */ = {isa = PBXBuildFile; fileRef = 3577B09319897C41008E9BDA /* 10004.tif */; };
		3577B0BC19897C41008E9BDA /* 10005.tif in Resources */ = {isa = PBXBuildFile; fileRef = 3577B09419897C41008E9BDA /* 10005.tif */; };
		3577B0BD19897C41008E9BDA /* 10006.tif in Resources */ = {isa = PBXBuildFile; fileRef = 3577B09519897C41008E9BDA /* 10006.tif */; };
		3577B0BE19897C41008E9BDA /* 10007.tif in Resources */ = {isa = PBXBuildFile; fileRef = 3577B09619897C41008E9BDA /* 10007.tif */; };
		3577B0BF19897C41008E9BDA /* 10008.tif in Resources */ = {isa = PBXBuildFile; fileRef = 3577B09719897C41008E9BDA /* 10008.tif */; };
		3577B0C019897C41008E9BDA /* 10009.tif in Resources */ = {isa = PBXBuildFile; fileRef = 3577B09819897C41008E9BDA /* 10009.tif */; };
		3577B0C119897C41008E9BDA /* 10010.tif in Resources */ = {isa = PBXBuildFile; fileRef = 3577B09919897C41008E9BDA /* 10010.tif */; };
		3577B0C219897C41008E9BDA /* 10011.tif in Resources */ = {isa = PBXBuildFile; fileRef = 3577B09A19897C41008E9BDA /* 10011.tif */; };
		3577B0C319897C41008E9BDA /* 10012.tif in Resources */ = {isa = PBXBuildFile; fileRef = 3577B09B19897C41008E9BDA /* 10012.tif */; };
		3577B0C419897C41008E9BDA /* 10013.tif in Resources */ = {isa = PBXBuildFile; fileRef = 3577B09C19897C41008E9BDA /* 10013.tif */; };
		3577B0C519897C41008E9BDA /* 10014.tif in Resources */ = {isa = PBXBuildFile; fileRef = 3577B09D19897C41008E9BDA /* 10014.tif */; };
		3577B0C619897C41008E9BDA /* 10015.tif in Resources */ = {isa = PBXBuildFile; fileRef = 3577B09E19897C41008E9BDA /* 10015.tif */; };
		3577B0C719897C41008E9BDA /* 10016.tif in Resources */ = {isa = PBXBuildFile; fileRef = 3577B09F19897C41008E9BDA /* 10016.tif */; };
		3577B0C819897C41008E9BDA /* 10017.tif in Resources */ = {isa = PBXBuildFile; fileRef = 3577B0A019897C41008E9BDA /* 10017.tif */; };
		3577B0C919897C41008E9BDA /* 10018.tif in Resources */ = {isa = PBXBuildFile; fileRef = 3577B0A119897C41008E9BDA /* 10018.tif */; };
		3577B0CA19897C41008E9BDA /* 10019.tif in Resources */ = {isa = PBXBuildFile; fileRef = 3577B0A219897C41008E9BDA /* 10019.tif */; };
		3577B0CB19897C41008E9BDA /* 10020.tif in Resources */ = {isa = PBXBuildFile; fileRef = 3577B0A319897C41008E9BDA /* 10020.tif */; };
		3577B0CC19897C41008E9BDA /* 10021.tif in Resources */ = {isa = PBXBuildFile; fileRef = 3577B0A419897C41008E9BDA /* 10021.tif */; };
		3577B0CD19897C41008E9BDA /* 10022.tif in Resources */ = {isa = PBXBuildFile; fileRef = 3577B0A519897C41008E9BDA /* 10022.tif */; };
		3577B0CE19897C41008E9BDA /* 10023.tif in Resources */ = {isa = PBXBuildFile; fileRef = 3577B0A619897C41008E9BDA /* 10023.tif */; };
		3577B0CF19897C41008E9BDA /* 10024.tif in Resources */ = {isa = PBXBuildFile; fileRef = 3577B0A719897C41008E9BDA /* 10024.tif */; };
		3577B0D019897C41008E9BDA /* 10025.tif in Resources */ = {isa = PBXBuildFile; fileRef = 3577B0A819897C41008E9BDA /* 10025.tif */; };
		3577B0D119897C41008E9BDA /* 10026.tif in Resources */ = {isa = PBXBuildFile; fileRef = 3577B0A919897C41008E9BDA /* 10026.tif */; };
		3577B0D219897C41008E9BDA /* 10027.tif in Resources */ = {isa = PBXBuildFile; fileRef = 3577B0AA19897C41008E9BDA /* 10027.tif */; };
		3577B0D319897C41008E9BDA /* 10028.tif in Resources */ = {isa = PBXBuildFile; fileRef = 3577B0AB19897C41008E9BDA /* 10028.tif */; };
		3577B0D419897C41008E9BDA /* 10029.tif in Resources */ = {isa = PBXBuildFile; fileRef = 3577B0AC19897C41008E9BDA /* 10029.tif */; };
		3577B0D519897C41008E9BDA /* 10030.tif in Resources */ = {isa = PBXBuildFile; fileRef = 3577B0AD19897C41008E9BDA /* 10030.tif */; };
		3577B0D619897C41008E9BDA /* 10031.tif in Resources */ = {isa = PBXBuildFile; fileRef = 3577B0AE19897C41008E9BDA /* 10031.tif */; };
		3577B0D719897C41008E9BDA /* 10032.tif in Resources */ = {isa = PBXBuildFile; fileRef = 3577B0AF19897C41008E9BDA /* 10032.tif */; };
		3577B0D819897C41008E9BDA /* 10033.tif in Resources */ = {isa = PBXBuildFile; fileRef = 3577B0B019897C41008E9BDA /* 10033.tif */; };
		3577B0D919897C41008E9BDA /* 10034.tif in Resources */ = {isa = PBXBuildFile; fileRef = 3577B0B119897C41008E9BDA /* 10034.tif */; };
		3577B0DA19897C41008E9BDA /* 10035.tif in Resources */ = {isa = PBXBuildFile; fileRef = 3577B0B219897C41008E9BDA /* 10035.tif */; };
		3577B0DB19897C41008E9BDA /* 10036.tif in Resources */ = {isa = PBXBuildFile; fileRef = 3577B0B319897C41008E9BDA /* 10036.tif */; };
		3577B0DC19897C41008E9BDA /* 10037.tif in Resources */ = {isa = PBXBuildFile; fileRef = 3577B0B419897C41008E9BDA /* 10037.tif */; };
		3577B0DD19897C41008E9BDA /* 10038.tif in Resources */ = {isa = PBXBuildFile; fileRef = 3577B0B519897C41008E9BDA /* 10038.tif */; };
		3577B0DE19897C41008E9BDA /* 10039.tif in Resources */ = {isa = PBXBuildFile; fileRef = 3577B0B619897C41008E9BDA /* 10039.tif */; };
		3577B0DF19897C41008E9BDA /* 10040.tif in Resources */ = {isa = PBXBuildFile; fileRef = 3577B0B719897C41008E9BDA /* 10040.tif */; };
/* End PBXBuildFile section */

/* Begin PBXContainerItemProxy section */
		3577B07D19897C2E008E9BDA /* PBXContainerItemProxy */ = {
			isa = PBXContainerItemProxy;
			containerPortal = 3577B04F19897C2E008E9BDA /* Project object */;
			proxyType = 1;
			remoteGlobalIDString = 3577B05619897C2E008E9BDA;
			remoteInfo = "使用UIView制作帧动画";
		};
/* End PBXContainerItemProxy section */

/* Begin PBXFileReference section */
		3577B05719897C2E008E9BDA /* 使用UIView制作帧动画.app */ = {isa = PBXFileReference; explicitFileType = wrapper.application; includeInIndex = 0; path = "使用UIView制作帧动画.app"; sourceTree = BUILT_PRODUCTS_DIR; };
		3577B05A19897C2E008E9BDA /* Foundation.framework */ = {isa = PBXFileReference; lastKnownFileType = wrapper.framework; name = Foundation.framework; path = System/Library/Frameworks/Foundation.framework; sourceTree = SDKROOT; };
		3577B05C19897C2E008E9BDA /* CoreGraphics.framework */ = {isa = PBXFileReference; lastKnownFileType = wrapper.framework; name = CoreGraphics.framework; path = System/Library/Frameworks/CoreGraphics.framework; sourceTree = SDKROOT; };
		3577B05E19897C2E008E9BDA /* UIKit.framework */ = {isa = PBXFileReference; lastKnownFileType = wrapper.framework; name = UIKit.framework; path = System/Library/Frameworks/UIKit.framework; sourceTree = SDKROOT; };
		3577B06219897C2E008E9BDA /* 使用UIView制作帧动画-Info.plist */ = {isa = PBXFileReference; lastKnownFileType = text.plist.xml; path = "使用UIView制作帧动画-Info.plist"; sourceTree = "<group>"; };
		3577B06419897C2E008E9BDA /* en */ = {isa = PBXFileReference; lastKnownFileType = text.plist.strings; name = en; path = en.lproj/InfoPlist.strings; sourceTree = "<group>"; };
		3577B06619897C2E008E9BDA /* main.m */ = {isa = PBXFileReference; lastKnownFileType = sourcecode.c.objc; path = main.m; sourceTree = "<group>"; };
		3577B06819897C2E008E9BDA /* 使用UIView制作帧动画-Prefix.pch */ = {isa = PBXFileReference; lastKnownFileType = sourcecode.c.h; path = "使用UIView制作帧动画-Prefix.pch"; sourceTree = "<group>"; };
		3577B06919897C2E008E9BDA /* AppDelegate.h */ = {isa = PBXFileReference; lastKnownFileType = sourcecode.c.h; path = AppDelegate.h; sourceTree = "<group>"; };
		3577B06A19897C2E008E9BDA /* AppDelegate.m */ = {isa = PBXFileReference; lastKnownFileType = sourcecode.c.objc; path = AppDelegate.m; sourceTree = "<group>"; };
		3577B06D19897C2E008E9BDA /* Base */ = {isa = PBXFileReference; lastKnownFileType = file.storyboard; name = Base; path = Base.lproj/Main.storyboard; sourceTree = "<group>"; };
		3577B06F19897C2E008E9BDA /* ViewController.h */ = {isa = PBXFileReference; lastKnownFileType = sourcecode.c.h; path = ViewController.h; sourceTree = "<group>"; };
		3577B07019897C2E008E9BDA /* ViewController.m */ = {isa = PBXFileReference; lastKnownFileType = sourcecode.c.objc; path = ViewController.m; sourceTree = "<group>"; };
		3577B07219897C2E008E9BDA /* Images.xcassets */ = {isa = PBXFileReference; lastKnownFileType = folder.assetcatalog; path = Images.xcassets; sourceTree = "<group>"; };
		3577B07819897C2E008E9BDA /* 使用UIView制作帧动画Tests.xctest */ = {isa = PBXFileReference; explicitFileType = wrapper.cfbundle; includeInIndex = 0; path = "使用UIView制作帧动画Tests.xctest"; sourceTree = BUILT_PRODUCTS_DIR; };
		3577B07919897C2E008E9BDA /* XCTest.framework */ = {isa = PBXFileReference; lastKnownFileType = wrapper.framework; name = XCTest.framework; path = Library/Frameworks/XCTest.framework; sourceTree = DEVELOPER_DIR; };
		3577B08119897C2E008E9BDA /* 使用UIView制作帧动画Tests-Info.plist */ = {isa = PBXFileReference; lastKnownFileType = text.plist.xml; path = "使用UIView制作帧动画Tests-Info.plist"; sourceTree = "<group>"; };
		3577B08319897C2E008E9BDA /* en */ = {isa = PBXFileReference; lastKnownFileType = text.plist.strings; name = en; path = en.lproj/InfoPlist.strings; sourceTree = "<group>"; };
		3577B08519897C2E008E9BDA /* __UIView_____Tests.m */ = {isa = PBXFileReference; lastKnownFileType = sourcecode.c.objc; path = "__UIView_____Tests.m"; sourceTree = "<group>"; };
		3577B09019897C41008E9BDA /* 10001.tif */ = {isa = PBXFileReference; lastKnownFileType = image.tiff; path = 10001.tif; sourceTree = "<group>"; };
		3577B09119897C41008E9BDA /* 10002.tif */ = {isa = PBXFileReference; lastKnownFileType = image.tiff; path = 10002.tif; sourceTree = "<group>"; };
		3577B09219897C41008E9BDA /* 10003.tif */ = {isa = PBXFileReference; lastKnownFileType = image.tiff; path = 10003.tif; sourceTree = "<group>"; };
		3577B09319897C41008E9BDA /* 10004.tif */ = {isa = PBXFileReference; lastKnownFileType = image.tiff; path = 10004.tif; sourceTree = "<group>"; };
		3577B09419897C41008E9BDA /* 10005.tif */ = {isa = PBXFileReference; lastKnownFileType = image.tiff; path = 10005.tif; sourceTree = "<group>"; };
		3577B09519897C41008E9BDA /* 10006.tif */ = {isa = PBXFileReference; lastKnownFileType = image.tiff; path = 10006.tif; sourceTree = "<group>"; };
		3577B09619897C41008E9BDA /* 10007.tif */ = {isa = PBXFileReference; lastKnownFileType = image.tiff; path = 10007.tif; sourceTree = "<group>"; };
		3577B09719897C41008E9BDA /* 10008.tif */ = {isa = PBXFileReference; lastKnownFileType = image.tiff; path = 10008.tif; sourceTree = "<group>"; };
		3577B09819897C41008E9BDA /* 10009.tif */ = {isa = PBXFileReference; lastKnownFileType = image.tiff; path = 10009.tif; sourceTree = "<group>"; };
		3577B09919897C41008E9BDA /* 10010.tif */ = {isa = PBXFileReference; lastKnownFileType = image.tiff; path = 10010.tif; sourceTree = "<group>"; };
		3577B09A19897C41008E9BDA /* 10011.tif */ = {isa = PBXFileReference; lastKnownFileType = image.tiff; path = 10011.tif; sourceTree = "<group>"; };
		3577B09B19897C41008E9BDA /* 10012.tif */ = {isa = PBXFileReference; lastKnownFileType = image.tiff; path = 10012.tif; sourceTree = "<group>"; };
		3577B09C19897C41008E9BDA /* 10013.tif */ = {isa = PBXFileReference; lastKnownFileType = image.tiff; path = 10013.tif; sourceTree = "<group>"; };
		3577B09D19897C41008E9BDA /* 10014.tif */ = {isa = PBXFileReference; lastKnownFileType = image.tiff; path = 10014.tif; sourceTree = "<group>"; };
		3577B09E19897C41008E9BDA /* 10015.tif */ = {isa = PBXFileReference; lastKnownFileType = image.tiff; path = 10015.tif; sourceTree = "<group>"; };
		3577B09F19897C41008E9BDA /* 10016.tif */ = {isa = PBXFileReference; lastKnownFileType = image.tiff; path = 10016.tif; sourceTree = "<group>"; };
		3577B0A019897C41008E9BDA /* 10017.tif */ = {isa = PBXFileReference; lastKnownFileType = image.tiff; path = 10017.tif; sourceTree = "<group>"; };
		3577B0A119897C41008E9BDA /* 10018.tif */ = {isa = PBXFileReference; lastKnownFileType = image.tiff; path = 10018.tif; sourceTree = "<group>"; };
		3577B0A219897C41008E9BDA /* 10019.tif */ = {isa = PBXFileReference; lastKnownFileType = image.tiff; path = 10019.tif; sourceTree = "<group>"; };
		3577B0A319897C41008E9BDA /* 10020.tif */ = {isa = PBXFileReference; lastKnownFileType = image.tiff; path = 10020.tif; sourceTree = "<group>"; };
		3577B0A419897C41008E9BDA /* 10021.tif */ = {isa = PBXFileReference; lastKnownFileType = image.tiff; path = 10021.tif; sourceTree = "<group>"; };
		3577B0A519897C41008E9BDA /* 10022.tif */ = {isa = PBXFileReference; lastKnownFileType = image.tiff; path = 10022.tif; sourceTree = "<group>"; };
		3577B0A619897C41008E9BDA /* 10023.tif */ = {isa = PBXFileReference; lastKnownFileType = image.tiff; path = 10023.tif; sourceTree = "<group>"; };
		3577B0A719897C41008E9BDA /* 10024.tif */ = {isa = PBXFileReference; lastKnownFileType = image.tiff; path = 10024.tif; sourceTree = "<group>"; };
		3577B0A819897C41008E9BDA /* 10025.tif */ = {isa = PBXFileReference; lastKnownFileType = image.tiff; path = 10025.tif; sourceTree = "<group>"; };
		3577B0A919897C41008E9BDA /* 10026.tif */ = {isa = PBXFileReference; lastKnownFileType = image.tiff; path = 10026.tif; sourceTree = "<group>"; };
		3577B0AA19897C41008E9BDA /* 10027.tif */ = {isa = PBXFileReference; lastKnownFileType = image.tiff; path = 10027.tif; sourceTree = "<group>"; };
		3577B0AB19897C41008E9BDA /* 10028.tif */ = {isa = PBXFileReference; lastKnownFileType = image.tiff; path = 10028.tif; sourceTree = "<group>"; };
		3577B0AC19897C41008E9BDA /* 10029.tif */ = {isa = PBXFileReference; lastKnownFileType = image.tiff; path = 10029.tif; sourceTree = "<group>"; };
		3577B0AD19897C41008E9BDA /* 10030.tif */ = {isa = PBXFileReference; lastKnownFileType = image.tiff; path = 10030.tif; sourceTree = "<group>"; };
		3577B0AE19897C41008E9BDA /* 10031.tif */ = {isa = PBXFileReference; lastKnownFileType = image.tiff; path = 10031.tif; sourceTree = "<group>"; };
		3577B0AF19897C41008E9BDA /* 10032.tif */ = {isa = PBXFileReference; lastKnownFileType = image.tiff; path = 10032.tif; sourceTree = "<group>"; };
		3577B0B019897C41008E9BDA /* 10033.tif */ = {isa = PBXFileReference; lastKnownFileType = image.tiff; path = 10033.tif; sourceTree = "<group>"; };
		3577B0B119897C41008E9BDA /* 10034.tif */ = {isa = PBXFileReference; lastKnownFileType = image.tiff; path = 10034.tif; sourceTree = "<group>"; };
		3577B0B219897C41008E9BDA /* 10035.tif */ = {isa = PBXFileReference; lastKnownFileType = image.tiff; path = 10035.tif; sourceTree = "<group>"; };
		3577B0B319897C41008E9BDA /* 10036.tif */ = {isa = PBXFileReference; lastKnownFileType = image.tiff; path = 10036.tif; sourceTree = "<group>"; };
		3577B0B419897C41008E9BDA /* 10037.tif */ = {isa = PBXFileReference; lastKnownFileType = image.tiff; path = 10037.tif; sourceTree = "<group>"; };
		3577B0B519897C41008E9BDA /* 10038.tif */ = {isa = PBXFileReference; lastKnownFileType = image.tiff; path = 10038.tif; sourceTree = "<group>"; };
		3577B0B619897C41008E9BDA /* 10039.tif */ = {isa = PBXFileReference; lastKnownFileType = image.tiff; path = 10039.tif; sourceTree = "<group>"; };
		3577B0B719897C41008E9BDA /* 10040.tif */ = {isa = PBXFileReference; lastKnownFileType = image.tiff; path = 10040.tif; sourceTree = "<group>"; };
/* End PBXFileReference section */

/* Begin PBXFrameworksBuildPhase section */
		3577B05419897C2E008E9BDA /* Frameworks */ = {
			isa = PBXFrameworksBuildPhase;
			buildActionMask = 2147483647;
			files = (
				3577B05D19897C2E008E9BDA /* CoreGraphics.framework in Frameworks */,
				3577B05F19897C2E008E9BDA /* UIKit.framework in Frameworks */,
				3577B05B19897C2E008E9BDA /* Foundation.framework in Frameworks */,
			);
			runOnlyForDeploymentPostprocessing = 0;
		};
		3577B07519897C2E008E9BDA /* Frameworks */ = {
			isa = PBXFrameworksBuildPhase;
			buildActionMask = 2147483647;
			files = (
				3577B07A19897C2E008E9BDA /* XCTest.framework in Frameworks */,
				3577B07C19897C2E008E9BDA /* UIKit.framework in Frameworks */,
				3577B07B19897C2E008E9BDA /* Foundation.framework in Frameworks */,
			);
			runOnlyForDeploymentPostprocessing = 0;
		};
/* End PBXFrameworksBuildPhase section */

/* Begin PBXGroup section */
		3577B04E19897C2E008E9BDA = {
			isa = PBXGroup;
			children = (
				3577B06019897C2E008E9BDA /* 使用UIView制作帧动画 */,
				3577B07F19897C2E008E9BDA /* 使用UIView制作帧动画Tests */,
				3577B05919897C2E008E9BDA /* Frameworks */,
				3577B05819897C2E008E9BDA /* Products */,
			);
			sourceTree = "<group>";
		};
		3577B05819897C2E008E9BDA /* Products */ = {
			isa = PBXGroup;
			children = (
				3577B05719897C2E008E9BDA /* 使用UIView制作帧动画.app */,
				3577B07819897C2E008E9BDA /* 使用UIView制作帧动画Tests.xctest */,
			);
			name = Products;
			sourceTree = "<group>";
		};
		3577B05919897C2E008E9BDA /* Frameworks */ = {
			isa = PBXGroup;
			children = (
				3577B05A19897C2E008E9BDA /* Foundation.framework */,
				3577B05C19897C2E008E9BDA /* CoreGraphics.framework */,
				3577B05E19897C2E008E9BDA /* UIKit.framework */,
				3577B07919897C2E008E9BDA /* XCTest.framework */,
			);
			name = Frameworks;
			sourceTree = "<group>";
		};
		3577B06019897C2E008E9BDA /* 使用UIView制作帧动画 */ = {
			isa = PBXGroup;
			children = (
				3577B06919897C2E008E9BDA /* AppDelegate.h */,
				3577B06A19897C2E008E9BDA /* AppDelegate.m */,
				3577B06C19897C2E008E9BDA /* Main.storyboard */,
				3577B06F19897C2E008E9BDA /* ViewController.h */,
				3577B07019897C2E008E9BDA /* ViewController.m */,
				3577B07219897C2E008E9BDA /* Images.xcassets */,
				3577B06119897C2E008E9BDA /* Supporting Files */,
			);
			path = "使用UIView制作帧动画";
			sourceTree = "<group>";
		};
		3577B06119897C2E008E9BDA /* Supporting Files */ = {
			isa = PBXGroup;
			children = (
				3577B08F19897C36008E9BDA /* pics */,
				3577B06219897C2E008E9BDA /* 使用UIView制作帧动画-Info.plist */,
				3577B06319897C2E008E9BDA /* InfoPlist.strings */,
				3577B06619897C2E008E9BDA /* main.m */,
				3577B06819897C2E008E9BDA /* 使用UIView制作帧动画-Prefix.pch */,
			);
			name = "Supporting Files";
			sourceTree = "<group>";
		};
		3577B07F19897C2E008E9BDA /* 使用UIView制作帧动画Tests */ = {
			isa = PBXGroup;
			children = (
				3577B08519897C2E008E9BDA /* __UIView_____Tests.m */,
				3577B08019897C2E008E9BDA /* Supporting Files */,
			);
			path = "使用UIView制作帧动画Tests";
			sourceTree = "<group>";
		};
		3577B08019897C2E008E9BDA /* Supporting Files */ = {
			isa = PBXGroup;
			children = (
				3577B08119897C2E008E9BDA /* 使用UIView制作帧动画Tests-Info.plist */,
				3577B08219897C2E008E9BDA /* InfoPlist.strings */,
			);
			name = "Supporting Files";
			sourceTree = "<group>";
		};
		3577B08F19897C36008E9BDA /* pics */ = {
			isa = PBXGroup;
			children = (
				3577B09019897C41008E9BDA /* 10001.tif */,
				3577B09119897C41008E9BDA /* 10002.tif */,
				3577B09219897C41008E9BDA /* 10003.tif */,
				3577B09319897C41008E9BDA /* 10004.tif */,
				3577B09419897C41008E9BDA /* 10005.tif */,
				3577B09519897C41008E9BDA /* 10006.tif */,
				3577B09619897C41008E9BDA /* 10007.tif */,
				3577B09719897C41008E9BDA /* 10008.tif */,
				3577B09819897C41008E9BDA /* 10009.tif */,
				3577B09919897C41008E9BDA /* 10010.tif */,
				3577B09A19897C41008E9BDA /* 10011.tif */,
				3577B09B19897C41008E9BDA /* 10012.tif */,
				3577B09C19897C41008E9BDA /* 10013.tif */,
				3577B09D19897C41008E9BDA /* 10014.tif */,
				3577B09E19897C41008E9BDA /* 10015.tif */,
				3577B09F19897C41008E9BDA /* 10016.tif */,
				3577B0A019897C41008E9BDA /* 10017.tif */,
				3577B0A119897C41008E9BDA /* 10018.tif */,
				3577B0A219897C41008E9BDA /* 10019.tif */,
				3577B0A319897C41008E9BDA /* 10020.tif */,
				3577B0A419897C41008E9BDA /* 10021.tif */,
				3577B0A519897C41008E9BDA /* 10022.tif */,
				3577B0A619897C41008E9BDA /* 10023.tif */,
				3577B0A719897C41008E9BDA /* 10024.tif */,
				3577B0A819897C41008E9BDA /* 10025.tif */,
				3577B0A919897C41008E9BDA /* 10026.tif */,
				3577B0AA19897C41008E9BDA /* 10027.tif */,
				3577B0AB19897C41008E9BDA /* 10028.tif */,
				3577B0AC19897C41008E9BDA /* 10029.tif */,
				3577B0AD19897C41008E9BDA /* 10030.tif */,
				3577B0AE19897C41008E9BDA /* 10031.tif */,
				3577B0AF19897C41008E9BDA /* 10032.tif */,
				3577B0B019897C41008E9BDA /* 10033.tif */,
				3577B0B119897C41008E9BDA /* 10034.tif */,
				3577B0B219897C41008E9BDA /* 10035.tif */,
				3577B0B319897C41008E9BDA /* 10036.tif */,
				3577B0B419897C41008E9BDA /* 10037.tif */,
				3577B0B519897C41008E9BDA /* 10038.tif */,
				3577B0B619897C41008E9BDA /* 10039.tif */,
				3577B0B719897C41008E9BDA /* 10040.tif */,
			);
			name = pics;
			sourceTree = "<group>";
		};
/* End PBXGroup section */

/* Begin PBXNativeTarget section */
		3577B05619897C2E008E9BDA /* 使用UIView制作帧动画 */ = {
			isa = PBXNativeTarget;
			buildConfigurationList = 3577B08919897C2E008E9BDA /* Build configuration list for PBXNativeTarget "使用UIView制作帧动画" */;
			buildPhases = (
				3577B05319897C2E008E9BDA /* Sources */,
				3577B05419897C2E008E9BDA /* Frameworks */,
				3577B05519897C2E008E9BDA /* Resources */,
			);
			buildRules = (
			);
			dependencies = (
			);
			name = "使用UIView制作帧动画";
			productName = "使用UIView制作帧动画";
			productReference = 3577B05719897C2E008E9BDA /* 使用UIView制作帧动画.app */;
			productType = "com.apple.product-type.application";
		};
		3577B07719897C2E008E9BDA /* 使用UIView制作帧动画Tests */ = {
			isa = PBXNativeTarget;
			buildConfigurationList = 3577B08C19897C2E008E9BDA /* Build configuration list for PBXNativeTarget "使用UIView制作帧动画Tests" */;
			buildPhases = (
				3577B07419897C2E008E9BDA /* Sources */,
				3577B07519897C2E008E9BDA /* Frameworks */,
				3577B07619897C2E008E9BDA /* Resources */,
			);
			buildRules = (
			);
			dependencies = (
				3577B07E19897C2E008E9BDA /* PBXTargetDependency */,
			);
			name = "使用UIView制作帧动画Tests";
			productName = "使用UIView制作帧动画Tests";
			productReference = 3577B07819897C2E008E9BDA /* 使用UIView制作帧动画Tests.xctest */;
			productType = "com.apple.product-type.bundle.unit-test";
		};
/* End PBXNativeTarget section */

/* Begin PBXProject section */
		3577B04F19897C2E008E9BDA /* Project object */ = {
			isa = PBXProject;
			attributes = {
				LastUpgradeCheck = 0510;
				ORGANIZATIONNAME = jiaxh;
				TargetAttributes = {
					3577B07719897C2E008E9BDA = {
						TestTargetID = 3577B05619897C2E008E9BDA;
					};
				};
			};
			buildConfigurationList = 3577B05219897C2E008E9BDA /* Build configuration list for PBXProject "使用UIView制作帧动画" */;
			compatibilityVersion = "Xcode 3.2";
			developmentRegion = English;
			hasScannedForEncodings = 0;
			knownRegions = (
				en,
				Base,
			);
			mainGroup = 3577B04E19897C2E008E9BDA;
			productRefGroup = 3577B05819897C2E008E9BDA /* Products */;
			projectDirPath = "";
			projectRoot = "";
			targets = (
				3577B05619897C2E008E9BDA /* 使用UIView制作帧动画 */,
				3577B07719897C2E008E9BDA /* 使用UIView制作帧动画Tests */,
			);
		};
/* End PBXProject section */

/* Begin PBXResourcesBuildPhase section */
		3577B05519897C2E008E9BDA /* Resources */ = {
			isa = PBXResourcesBuildPhase;
			buildActionMask = 2147483647;
			files = (
				3577B0D319897C41008E9BDA /* 10028.tif in Resources */,
				3577B0D619897C41008E9BDA /* 10031.tif in Resources */,
				3577B0CB19897C41008E9BDA /* 10020.tif in Resources */,
				3577B0DA19897C41008E9BDA /* 10035.tif in Resources */,
				3577B0DB19897C41008E9BDA /* 10036.tif in Resources */,
				3577B0BC19897C41008E9BDA /* 10005.tif in Resources */,
				3577B0C919897C41008E9BDA /* 10018.tif in Resources */,
				3577B0DE19897C41008E9BDA /* 10039.tif in Resources */,
				3577B0D519897C41008E9BDA /* 10030.tif in Resources */,
				3577B0D119897C41008E9BDA /* 10026.tif in Resources */,
				3577B0D719897C41008E9BDA /* 10032.tif in Resources */,
				3577B0C219897C41008E9BDA /* 10011.tif in Resources */,
				3577B0B819897C41008E9BDA /* 10001.tif in Resources */,
				3577B0C719897C41008E9BDA /* 10016.tif in Resources */,
				3577B0BE19897C41008E9BDA /* 10007.tif in Resources */,
				3577B0BF19897C41008E9BDA /* 10008.tif in Resources */,
				3577B0D819897C41008E9BDA /* 10033.tif in Resources */,
				3577B0CA19897C41008E9BDA /* 10019.tif in Resources */,
				3577B0C019897C41008E9BDA /* 10009.tif in Resources */,
				3577B0DF19897C41008E9BDA /* 10040.tif in Resources */,
				3577B0C819897C41008E9BDA /* 10017.tif in Resources */,
				3577B0C119897C41008E9BDA /* 10010.tif in Resources */,
				3577B0C319897C41008E9BDA /* 10012.tif in Resources */,
				3577B0CF19897C41008E9BDA /* 10024.tif in Resources */,
				3577B07319897C2E008E9BDA /* Images.xcassets in Resources */,
				3577B0B919897C41008E9BDA /* 10002.tif in Resources */,
				3577B0BD19897C41008E9BDA /* 10006.tif in Resources */,
				3577B06519897C2E008E9BDA /* InfoPlist.strings in Resources */,
				3577B0D019897C41008E9BDA /* 10025.tif in Resources */,
				3577B0CD19897C41008E9BDA /* 10022.tif in Resources */,
				3577B0D419897C41008E9BDA /* 10029.tif in Resources */,
				3577B0BA19897C41008E9BDA /* 10003.tif in Resources */,
				3577B0D219897C41008E9BDA /* 10027.tif in Resources */,
				3577B0C619897C41008E9BDA /* 10015.tif in Resources */,
				3577B0BB19897C41008E9BDA /* 10004.tif in Resources */,
				3577B06E19897C2E008E9BDA /* Main.storyboard in Resources */,
				3577B0D919897C41008E9BDA /* 10034.tif in Resources */,
				3577B0C419897C41008E9BDA /* 10013.tif in Resources */,
				3577B0CC19897C41008E9BDA /* 10021.tif in Resources */,
				3577B0DD19897C41008E9BDA /* 10038.tif in Resources */,
				3577B0DC19897C41008E9BDA /* 10037.tif in Resources */,
				3577B0CE19897C41008E9BDA /* 10023.tif in Resources */,
				3577B0C519897C41008E9BDA /* 10014.tif in Resources */,
			);
			runOnlyForDeploymentPostprocessing = 0;
		};
		3577B07619897C2E008E9BDA /* Resources */ = {
			isa = PBXResourcesBuildPhase;
			buildActionMask = 2147483647;
			files = (
				3577B08419897C2E008E9BDA /* InfoPlist.strings in Resources */,
			);
			runOnlyForDeploymentPostprocessing = 0;
		};
/* End PBXResourcesBuildPhase section */

/* Begin PBXSourcesBuildPhase section */
		3577B05319897C2E008E9BDA /* Sources */ = {
			isa = PBXSourcesBuildPhase;
			buildActionMask = 2147483647;
			files = (
				3577B07119897C2E008E9BDA /* ViewController.m in Sources */,
				3577B06B19897C2E008E9BDA /* AppDelegate.m in Sources */,
				3577B06719897C2E008E9BDA /* main.m in Sources */,
			);
			runOnlyForDeploymentPostprocessing = 0;
		};
		3577B07419897C2E008E9BDA /* Sources */ = {
			isa = PBXSourcesBuildPhase;
			buildActionMask = 2147483647;
			files = (
				3577B08619897C2E008E9BDA /* __UIView_____Tests.m in Sources */,
			);
			runOnlyForDeploymentPostprocessing = 0;
		};
/* End PBXSourcesBuildPhase section */

/* Begin PBXTargetDependency section */
		3577B07E19897C2E008E9BDA /* PBXTargetDependency */ = {
			isa = PBXTargetDependency;
			target = 3577B05619897C2E008E9BDA /* 使用UIView制作帧动画 */;
			targetProxy = 3577B07D19897C2E008E9BDA /* PBXContainerItemProxy */;
		};
/* End PBXTargetDependency section */

/* Begin PBXVariantGroup section */
		3577B06319897C2E008E9BDA /* InfoPlist.strings */ = {
			isa = PBXVariantGroup;
			children = (
				3577B06419897C2E008E9BDA /* en */,
			);
			name = InfoPlist.strings;
			sourceTree = "<group>";
		};
		3577B06C19897C2E008E9BDA /* Main.storyboard */ = {
			isa = PBXVariantGroup;
			children = (
				3577B06D19897C2E008E9BDA /* Base */,
			);
			name = Main.storyboard;
			sourceTree = "<group>";
		};
		3577B08219897C2E008E9BDA /* InfoPlist.strings */ = {
			isa = PBXVariantGroup;
			children = (
				3577B08319897C2E008E9BDA /* en */,
			);
			name = InfoPlist.strings;
			sourceTree = "<group>";
		};
/* End PBXVariantGroup section */

/* Begin XCBuildConfiguration section */
		3577B08719897C2E008E9BDA /* Debug */ = {
			isa = XCBuildConfiguration;
			buildSettings = {
				ALWAYS_SEARCH_USER_PATHS = NO;
				CLANG_CXX_LANGUAGE_STANDARD = "gnu++0x";
				CLANG_CXX_LIBRARY = "libc++";
				CLANG_ENABLE_MODULES = YES;
				CLANG_ENABLE_OBJC_ARC = YES;
				CLANG_WARN_BOOL_CONVERSION = YES;
				CLANG_WARN_CONSTANT_CONVERSION = YES;
				CLANG_WARN_DIRECT_OBJC_ISA_USAGE = YES_ERROR;
				CLANG_WARN_EMPTY_BODY = YES;
				CLANG_WARN_ENUM_CONVERSION = YES;
				CLANG_WARN_INT_CONVERSION = YES;
				CLANG_WARN_OBJC_ROOT_CLASS = YES_ERROR;
				CLANG_WARN__DUPLICATE_METHOD_MATCH = YES;
				"CODE_SIGN_IDENTITY[sdk=iphoneos*]" = "iPhone Developer";
				COPY_PHASE_STRIP = NO;
				GCC_C_LANGUAGE_STANDARD = gnu99;
				GCC_DYNAMIC_NO_PIC = NO;
				GCC_OPTIMIZATION_LEVEL = 0;
				GCC_PREPROCESSOR_DEFINITIONS = (
					"DEBUG=1",
					"$(inherited)",
				);
				GCC_SYMBOLS_PRIVATE_EXTERN = NO;
				GCC_WARN_64_TO_32_BIT_CONVERSION = YES;
				GCC_WARN_ABOUT_RETURN_TYPE = YES_ERROR;
				GCC_WARN_UNDECLARED_SELECTOR = YES;
				GCC_WARN_UNINITIALIZED_AUTOS = YES_AGGRESSIVE;
				GCC_WARN_UNUSED_FUNCTION = YES;
				GCC_WARN_UNUSED_VARIABLE = YES;
				IPHONEOS_DEPLOYMENT_TARGET = 7.1;
				ONLY_ACTIVE_ARCH = YES;
				SDKROOT = iphoneos;
			};
			name = Debug;
		};
		3577B08819897C2E008E9BDA /* Release */ = {
			isa = XCBuildConfiguration;
			buildSettings = {
				ALWAYS_SEARCH_USER_PATHS = NO;
				CLANG_CXX_LANGUAGE_STANDARD = "gnu++0x";
				CLANG_CXX_LIBRARY = "libc++";
				CLANG_ENABLE_MODULES = YES;
				CLANG_ENABLE_OBJC_ARC = YES;
				CLANG_WARN_BOOL_CONVERSION = YES;
				CLANG_WARN_CONSTANT_CONVERSION = YES;
				CLANG_WARN_DIRECT_OBJC_ISA_USAGE = YES_ERROR;
				CLANG_WARN_EMPTY_BODY = YES;
				CLANG_WARN_ENUM_CONVERSION = YES;
				CLANG_WARN_INT_CONVERSION = YES;
				CLANG_WARN_OBJC_ROOT_CLASS = YES_ERROR;
				CLANG_WARN__DUPLICATE_METHOD_MATCH = YES;
				"CODE_SIGN_IDENTITY[sdk=iphoneos*]" = "iPhone Developer";
				COPY_PHASE_STRIP = YES;
				ENABLE_NS_ASSERTIONS = NO;
				GCC_C_LANGUAGE_STANDARD = gnu99;
				GCC_WARN_64_TO_32_BIT_CONVERSION = YES;
				GCC_WARN_ABOUT_RETURN_TYPE = YES_ERROR;
				GCC_WARN_UNDECLARED_SELECTOR = YES;
				GCC_WARN_UNINITIALIZED_AUTOS = YES_AGGRESSIVE;
				GCC_WARN_UNUSED_FUNCTION = YES;
				GCC_WARN_UNUSED_VARIABLE = YES;
				IPHONEOS_DEPLOYMENT_TARGET = 7.1;
				SDKROOT = iphoneos;
				VALIDATE_PRODUCT = YES;
			};
			name = Release;
		};
		3577B08A19897C2E008E9BDA /* Debug */ = {
			isa = XCBuildConfiguration;
			buildSettings = {
				ASSETCATALOG_COMPILER_APPICON_NAME = AppIcon;
				ASSETCATALOG_COMPILER_LAUNCHIMAGE_NAME = LaunchImage;
				GCC_PRECOMPILE_PREFIX_HEADER = YES;
				GCC_PREFIX_HEADER = "使用UIView制作帧动画/使用UIView制作帧动画-Prefix.pch";
				INFOPLIST_FILE = "使用UIView制作帧动画/使用UIView制作帧动画-Info.plist";
				PRODUCT_NAME = "$(TARGET_NAME)";
				WRAPPER_EXTENSION = app;
			};
			name = Debug;
		};
		3577B08B19897C2E008E9BDA /* Release */ = {
			isa = XCBuildConfiguration;
			buildSettings = {
				ASSETCATALOG_COMPILER_APPICON_NAME = AppIcon;
				ASSETCATALOG_COMPILER_LAUNCHIMAGE_NAME = LaunchImage;
				GCC_PRECOMPILE_PREFIX_HEADER = YES;
				GCC_PREFIX_HEADER = "使用UIView制作帧动画/使用UIView制作帧动画-Prefix.pch";
				INFOPLIST_FILE = "使用UIView制作帧动画/使用UIView制作帧动画-Info.plist";
				PRODUCT_NAME = "$(TARGET_NAME)";
				WRAPPER_EXTENSION = app;
			};
			name = Release;
		};
		3577B08D19897C2E008E9BDA /* Debug */ = {
			isa = XCBuildConfiguration;
			buildSettings = {
				BUNDLE_LOADER = "$(BUILT_PRODUCTS_DIR)/使用UIView制作帧动画.app/使用UIView制作帧动画";
				FRAMEWORK_SEARCH_PATHS = (
					"$(SDKROOT)/Developer/Library/Frameworks",
					"$(inherited)",
					"$(DEVELOPER_FRAMEWORKS_DIR)",
				);
				GCC_PRECOMPILE_PREFIX_HEADER = YES;
				GCC_PREFIX_HEADER = "使用UIView制作帧动画/使用UIView制作帧动画-Prefix.pch";
				GCC_PREPROCESSOR_DEFINITIONS = (
					"DEBUG=1",
					"$(inherited)",
				);
				INFOPLIST_FILE = "使用UIView制作帧动画Tests/使用UIView制作帧动画Tests-Info.plist";
				PRODUCT_NAME = "$(TARGET_NAME)";
				TEST_HOST = "$(BUNDLE_LOADER)";
				WRAPPER_EXTENSION = xctest;
			};
			name = Debug;
		};
		3577B08E19897C2E008E9BDA /* Release */ = {
			isa = XCBuildConfiguration;
			buildSettings = {
				BUNDLE_LOADER = "$(BUILT_PRODUCTS_DIR)/使用UIView制作帧动画.app/使用UIView制作帧动画";
				FRAMEWORK_SEARCH_PATHS = (
					"$(SDKROOT)/Developer/Library/Frameworks",
					"$(inherited)",
					"$(DEVELOPER_FRAMEWORKS_DIR)",
				);
				GCC_PRECOMPILE_PREFIX_HEADER = YES;
				GCC_PREFIX_HEADER = "使用UIView制作帧动画/使用UIView制作帧动画-Prefix.pch";
				INFOPLIST_FILE = "使用UIView制作帧动画Tests/使用UIView制作帧动画Tests-Info.plist";
				PRODUCT_NAME = "$(TARGET_NAME)";
				TEST_HOST = "$(BUNDLE_LOADER)";
				WRAPPER_EXTENSION = xctest;
			};
			name = Release;
		};
/* End XCBuildConfiguration section */

/* Begin XCConfigurationList section */
		3577B05219897C2E008E9BDA /* Build configuration list for PBXProject "使用UIView制作帧动画" */ = {
			isa = XCConfigurationList;
			buildConfigurations = (
				3577B08719897C2E008E9BDA /* Debug */,
				3577B08819897C2E008E9BDA /* Release */,
			);
			defaultConfigurationIsVisible = 0;
			defaultConfigurationName = Release;
		};
		3577B08919897C2E008E9BDA /* Build configuration list for PBXNativeTarget "使用UIView制作帧动画" */ = {
			isa = XCConfigurationList;
			buildConfigurations = (
				3577B08A19897C2E008E9BDA /* Debug */,
				3577B08B19897C2E008E9BDA /* Release */,
			);
			defaultConfigurationIsVisible = 0;
		};
		3577B08C19897C2E008E9BDA /* Build configuration list for PBXNativeTarget "使用UIView制作帧动画Tests" */ = {
			isa = XCConfigurationList;
			buildConfigurations = (
				3577B08D19897C2E008E9BDA /* Debug */,
				3577B08E19897C2E008E9BDA /* Release */,
			);
			defaultConfigurationIsVisible = 0;
		};
/* End XCConfigurationList section */
	};
	rootObject = 3577B04F19897C2E008E9BDA /* Project object */;
}
